
Microsoft Visual Studio Solution File, Format Version 12.00
# Visual Studio Version 16
VisualStudioVersion = 16.0.30225.117
MinimumVisualStudioVersion = 10.0.40219.1
Project("{9A19103F-16F7-4668-BE54-9A1E7A4F7556}") = "DCx.svc.StsServer", "DCx.svc.StsServer\DCx.svc.StsServer.csproj", "{608DCB3F-9A12-4A52-9A36-10ECC1821220}"
EndProject
Project("{9A19103F-16F7-4668-BE54-9A1E7A4F7556}") = "DCx.svc.CfgServer", "DCx.svc.CfgServer\DCx.svc.CfgServer.csproj", "{EFF5115E-6438-48A7-BD9C-9EBD08894614}"
EndProject
Project("{9A19103F-16F7-4668-BE54-9A1E7A4F7556}") = "DCx.lib.CsvStore", "DCx.scv.CsvStore\DCx.lib.CsvStore.csproj", "{8B81125D-B1CE-455B-8B97-AA2A61244173}"
EndProject
Project("{9A19103F-16F7-4668-BE54-9A1E7A4F7556}") = "DCx.lib.CsvIdentityStore", "DCx.svc.StsServer.CsvIdentityStore\DCx.lib.CsvIdentityStore.csproj", "{E77D1670-179E-4ADC-B46D-25C7664457E2}"
EndProject
Project("{2150E333-8FDC-42A3-9474-1A3956D46DE8}") = "Libs", "Libs", "{FB511AFA-5F4D-4154-874E-5E7C176821F1}"
EndProject
Project("{9A19103F-16F7-4668-BE54-9A1E7A4F7556}") = "DCx.web.BlazorWasm.Client", "DCx.web.BlazorWasm.Client\DCx.web.BlazorWasm.Client.csproj", "{B5B5AFB2-9B07-455F-98D7-3065604E255D}"
EndProject
Project("{9A19103F-16F7-4668-BE54-9A1E7A4F7556}") = "DCx.web.BlazorWasm.Server", "DCx.web.BlazorWasm.Server\DCx.web.BlazorWasm.Server.csproj", "{47746B47-FC17-4263-8DEF-30D2C515AF37}"
EndProject
Project("{9A19103F-16F7-4668-BE54-9A1E7A4F7556}") = "DCx.web.BlazorWasm.Shared", "DCx.web.BlazorWasm.Shared\DCx.web.BlazorWasm.Shared.csproj", "{8AE807F5-1185-4AEC-881E-DBDDA9E47EB3}"
EndProject
Project("{2150E333-8FDC-42A3-9474-1A3956D46DE8}") = "BlazorWasm", "BlazorWasm", "{26934A53-14DF-425C-B41E-5FDBBD156B03}"
EndProject
Project("{2150E333-8FDC-42A3-9474-1A3956D46DE8}") = "DcxStsServer", "DcxStsServer", "{5F2377C5-FE85-4503-ADA9-A9E5B26C3F5A}"
EndProject
Project("{9A19103F-16F7-4668-BE54-9A1E7A4F7556}") = "DCx.svc.AppServer", "DCx.svc.AppServer\DCx.svc.AppServer.csproj", "{92FCE35C-F4C7-48D9-B040-84C8E80C920B}"
EndProject
Project("{9A19103F-16F7-4668-BE54-9A1E7A4F7556}") = "DCx.win.WpfClient", "DCx.win.WpfClient\DCx.win.WpfClient.csproj", "{61372A87-C169-4E5B-A4D4-C9B354DEB057}"
EndProject
Project("{FAE04EC0-301F-11D3-BF4B-00C04F79EFBC}") = "DCx.win.CfgLicClient", "DCx.win.CfgLicClient\DCx.win.CfgLicClient.csproj", "{071918A0-ACFE-48FB-BA2C-945820744865}"
EndProject
Project("{FAE04EC0-301F-11D3-BF4B-00C04F79EFBC}") = "DCx.win.CfgLicClient.Test", "DCx.win.CfgLicClient.Test\DCx.win.CfgLicClient.Test.csproj", "{22488E0E-2851-4A91-B9A1-69752319D2B2}"
EndProject
Project("{9A19103F-16F7-4668-BE54-9A1E7A4F7556}") = "DCx.lib.Extensions", "DCx.svc.Extensions\DCx.lib.Extensions.csproj", "{1D3D24A7-6A33-4EA5-8173-B15DDA573F10}"
EndProject
Project("{2150E333-8FDC-42A3-9474-1A3956D46DE8}") = "DcxWebSite", "DcxWebSite", "{72C46760-08FB-44A5-B34B-E0ABA07986B4}"
EndProject
Project("{9A19103F-16F7-4668-BE54-9A1E7A4F7556}") = "DCx.svc.Webshop", "DCx.Webshop\DCx.svc.Webshop.csproj", "{2C81580F-151C-4A8F-90E3-38A063A5337D}"
EndProject
Project("{9A19103F-16F7-4668-BE54-9A1E7A4F7556}") = "WpfSmtpClient", "WpfSmtpClient\WpfSmtpClient.csproj", "{7258DCF7-2AD5-47E0-9429-CF058EB2C1B8}"
EndProject
Project("{9A19103F-16F7-4668-BE54-9A1E7A4F7556}") = "DCx.res.WebShop", "DCx.res.WebShop\DCx.res.WebShop.csproj", "{D3A0D563-7CFA-43C9-B03F-42A917C4D665}"
EndProject
Project("{2150E333-8FDC-42A3-9474-1A3956D46DE8}") = "DcxCfgClient", "DcxCfgClient", "{688B2BE8-85E8-4843-B4D0-B03AE404C20B}"
EndProject
Project("{2150E333-8FDC-42A3-9474-1A3956D46DE8}") = "DcxCfgServer", "DcxCfgServer", "{073014B2-B6BF-417E-BE05-4CA4396069AD}"
EndProject
Project("{2150E333-8FDC-42A3-9474-1A3956D46DE8}") = "_misc", "_misc", "{6D75E662-E847-46F8-8DD4-1DBABD018F2F}"
	ProjectSection(SolutionItems) = preProject
		Changes.txt = Changes.txt
	EndProjectSection
EndProject
Project("{9A19103F-16F7-4668-BE54-9A1E7A4F7556}") = "DCx.lib.Webshop.Storage", "DCx.lib.Webshop.Storage\DCx.lib.Webshop.Storage.csproj", "{9BCFDFC8-8A87-4D2A-AA3A-0AFBB31C8C30}"
EndProject
Project("{2150E333-8FDC-42A3-9474-1A3956D46DE8}") = "DcxWasmApp.Notworking", "DcxWasmApp.Notworking", "{7D7D1AC6-8695-41CC-8D17-ACD99388B05D}"
EndProject
Project("{D954291E-2A0B-460D-934E-DC6B0785DB48}") = "Dcx.App.Shared", "Dcx.App\Dcx.App.Shared\Dcx.App.Shared.shproj", "{6279C845-92F8-4333-AB99-3D213163593C}"
EndProject
Project("{2150E333-8FDC-42A3-9474-1A3956D46DE8}") = "Platforms", "Platforms", "{828D92F7-D222-4AFA-927A-6EB4B53A0F7B}"
EndProject
Project("{9A19103F-16F7-4668-BE54-9A1E7A4F7556}") = "Dcx.App.Wasm", "Dcx.App\Dcx.App.Wasm\Dcx.App.Wasm.csproj", "{AD459C60-668E-44DF-84A8-BA884A98C5AA}"
EndProject
Project("{2150E333-8FDC-42A3-9474-1A3956D46DE8}") = "DcxUno", "DcxUno", "{B0185BEB-0B9C-4954-B316-CA2A20C8405A}"
EndProject
Project("{D954291E-2A0B-460D-934E-DC6B0785DB48}") = "Dcx.Uno.Shared", "Dcx.Uno\Dcx.Uno.Shared\Dcx.Uno.Shared.shproj", "{E2CD75B1-524E-421D-873C-A476DF33EBA8}"
EndProject
Project("{2150E333-8FDC-42A3-9474-1A3956D46DE8}") = "Platforms", "Platforms", "{0FE347BA-9331-43ED-9D6C-612A4F18ED4E}"
EndProject
Project("{FAE04EC0-301F-11D3-BF4B-00C04F79EFBC}") = "Dcx.Uno.Wasm", "Dcx.Uno\Dcx.Uno.Wasm\Dcx.Uno.Wasm.csproj", "{9E07C974-1497-4836-AF36-27D32B8C5D66}"
EndProject
Global
	GlobalSection(SharedMSBuildProjectFiles) = preSolution
		Dcx.App\Dcx.App.Shared\Dcx.App.Shared.projitems*{6279c845-92f8-4333-ab99-3d213163593c}*SharedItemsImports = 13
		Dcx.Uno\Dcx.Uno.Shared\Dcx.Uno.Shared.projitems*{9e07c974-1497-4836-af36-27d32b8c5d66}*SharedItemsImports = 5
		Dcx.App\Dcx.App.Shared\Dcx.App.Shared.projitems*{ad459c60-668e-44df-84a8-ba884a98c5aa}*SharedItemsImports = 5
		Dcx.Uno\Dcx.Uno.Shared\Dcx.Uno.Shared.projitems*{e2cd75b1-524e-421d-873c-a476df33eba8}*SharedItemsImports = 13
	EndGlobalSection
	GlobalSection(SolutionConfigurationPlatforms) = preSolution
		Ad-Hoc|Any CPU = Ad-Hoc|Any CPU
		Ad-Hoc|ARM = Ad-Hoc|ARM
		Ad-Hoc|ARM64 = Ad-Hoc|ARM64
		Ad-Hoc|iPhone = Ad-Hoc|iPhone
		Ad-Hoc|iPhoneSimulator = Ad-Hoc|iPhoneSimulator
		Ad-Hoc|x64 = Ad-Hoc|x64
		Ad-Hoc|x86 = Ad-Hoc|x86
		AppStore|Any CPU = AppStore|Any CPU
		AppStore|ARM = AppStore|ARM
		AppStore|ARM64 = AppStore|ARM64
		AppStore|iPhone = AppStore|iPhone
		AppStore|iPhoneSimulator = AppStore|iPhoneSimulator
		AppStore|x64 = AppStore|x64
		AppStore|x86 = AppStore|x86
		Debug|Any CPU = Debug|Any CPU
		Debug|ARM = Debug|ARM
		Debug|ARM64 = Debug|ARM64
		Debug|iPhone = Debug|iPhone
		Debug|iPhoneSimulator = Debug|iPhoneSimulator
		Debug|x64 = Debug|x64
		Debug|x86 = Debug|x86
		Release|Any CPU = Release|Any CPU
		Release|ARM = Release|ARM
		Release|ARM64 = Release|ARM64
		Release|iPhone = Release|iPhone
		Release|iPhoneSimulator = Release|iPhoneSimulator
		Release|x64 = Release|x64
		Release|x86 = Release|x86
	EndGlobalSection
	GlobalSection(ProjectConfigurationPlatforms) = postSolution
		{608DCB3F-9A12-4A52-9A36-10ECC1821220}.Ad-Hoc|Any CPU.ActiveCfg = Release|Any CPU
		{608DCB3F-9A12-4A52-9A36-10ECC1821220}.Ad-Hoc|Any CPU.Build.0 = Release|Any CPU
		{608DCB3F-9A12-4A52-9A36-10ECC1821220}.Ad-Hoc|ARM.ActiveCfg = Release|Any CPU
		{608DCB3F-9A12-4A52-9A36-10ECC1821220}.Ad-Hoc|ARM.Build.0 = Release|Any CPU
		{608DCB3F-9A12-4A52-9A36-10ECC1821220}.Ad-Hoc|ARM64.ActiveCfg = Release|Any CPU
		{608DCB3F-9A12-4A52-9A36-10ECC1821220}.Ad-Hoc|ARM64.Build.0 = Release|Any CPU
		{608DCB3F-9A12-4A52-9A36-10ECC1821220}.Ad-Hoc|iPhone.ActiveCfg = Release|Any CPU
		{608DCB3F-9A12-4A52-9A36-10ECC1821220}.Ad-Hoc|iPhone.Build.0 = Release|Any CPU
		{608DCB3F-9A12-4A52-9A36-10ECC1821220}.Ad-Hoc|iPhoneSimulator.ActiveCfg = Release|Any CPU
		{608DCB3F-9A12-4A52-9A36-10ECC1821220}.Ad-Hoc|iPhoneSimulator.Build.0 = Release|Any CPU
		{608DCB3F-9A12-4A52-9A36-10ECC1821220}.Ad-Hoc|x64.ActiveCfg = Release|Any CPU
		{608DCB3F-9A12-4A52-9A36-10ECC1821220}.Ad-Hoc|x64.Build.0 = Release|Any CPU
		{608DCB3F-9A12-4A52-9A36-10ECC1821220}.Ad-Hoc|x86.ActiveCfg = Release|Any CPU
		{608DCB3F-9A12-4A52-9A36-10ECC1821220}.Ad-Hoc|x86.Build.0 = Release|Any CPU
		{608DCB3F-9A12-4A52-9A36-10ECC1821220}.AppStore|Any CPU.ActiveCfg = Release|Any CPU
		{608DCB3F-9A12-4A52-9A36-10ECC1821220}.AppStore|Any CPU.Build.0 = Release|Any CPU
		{608DCB3F-9A12-4A52-9A36-10ECC1821220}.AppStore|ARM.ActiveCfg = Release|Any CPU
		{608DCB3F-9A12-4A52-9A36-10ECC1821220}.AppStore|ARM.Build.0 = Release|Any CPU
		{608DCB3F-9A12-4A52-9A36-10ECC1821220}.AppStore|ARM64.ActiveCfg = Release|Any CPU
		{608DCB3F-9A12-4A52-9A36-10ECC1821220}.AppStore|ARM64.Build.0 = Release|Any CPU
		{608DCB3F-9A12-4A52-9A36-10ECC1821220}.AppStore|iPhone.ActiveCfg = Release|Any CPU
		{608DCB3F-9A12-4A52-9A36-10ECC1821220}.AppStore|iPhone.Build.0 = Release|Any CPU
		{608DCB3F-9A12-4A52-9A36-10ECC1821220}.AppStore|iPhoneSimulator.ActiveCfg = Release|Any CPU
		{608DCB3F-9A12-4A52-9A36-10ECC1821220}.AppStore|iPhoneSimulator.Build.0 = Release|Any CPU
		{608DCB3F-9A12-4A52-9A36-10ECC1821220}.AppStore|x64.ActiveCfg = Release|Any CPU
		{608DCB3F-9A12-4A52-9A36-10ECC1821220}.AppStore|x64.Build.0 = Release|Any CPU
		{608DCB3F-9A12-4A52-9A36-10ECC1821220}.AppStore|x86.ActiveCfg = Release|Any CPU
		{608DCB3F-9A12-4A52-9A36-10ECC1821220}.AppStore|x86.Build.0 = Release|Any CPU
		{608DCB3F-9A12-4A52-9A36-10ECC1821220}.Debug|Any CPU.ActiveCfg = Debug|Any CPU
		{608DCB3F-9A12-4A52-9A36-10ECC1821220}.Debug|Any CPU.Build.0 = Debug|Any CPU
		{608DCB3F-9A12-4A52-9A36-10ECC1821220}.Debug|ARM.ActiveCfg = Debug|Any CPU
		{608DCB3F-9A12-4A52-9A36-10ECC1821220}.Debug|ARM.Build.0 = Debug|Any CPU
		{608DCB3F-9A12-4A52-9A36-10ECC1821220}.Debug|ARM64.ActiveCfg = Debug|Any CPU
		{608DCB3F-9A12-4A52-9A36-10ECC1821220}.Debug|ARM64.Build.0 = Debug|Any CPU
		{608DCB3F-9A12-4A52-9A36-10ECC1821220}.Debug|iPhone.ActiveCfg = Debug|Any CPU
		{608DCB3F-9A12-4A52-9A36-10ECC1821220}.Debug|iPhone.Build.0 = Debug|Any CPU
		{608DCB3F-9A12-4A52-9A36-10ECC1821220}.Debug|iPhoneSimulator.ActiveCfg = Debug|Any CPU
		{608DCB3F-9A12-4A52-9A36-10ECC1821220}.Debug|iPhoneSimulator.Build.0 = Debug|Any CPU
		{608DCB3F-9A12-4A52-9A36-10ECC1821220}.Debug|x64.ActiveCfg = Debug|Any CPU
		{608DCB3F-9A12-4A52-9A36-10ECC1821220}.Debug|x64.Build.0 = Debug|Any CPU
		{608DCB3F-9A12-4A52-9A36-10ECC1821220}.Debug|x86.ActiveCfg = Debug|Any CPU
		{608DCB3F-9A12-4A52-9A36-10ECC1821220}.Debug|x86.Build.0 = Debug|Any CPU
		{608DCB3F-9A12-4A52-9A36-10ECC1821220}.Release|Any CPU.ActiveCfg = Release|Any CPU
		{608DCB3F-9A12-4A52-9A36-10ECC1821220}.Release|Any CPU.Build.0 = Release|Any CPU
		{608DCB3F-9A12-4A52-9A36-10ECC1821220}.Release|ARM.ActiveCfg = Release|Any CPU
		{608DCB3F-9A12-4A52-9A36-10ECC1821220}.Release|ARM.Build.0 = Release|Any CPU
		{608DCB3F-9A12-4A52-9A36-10ECC1821220}.Release|ARM64.ActiveCfg = Release|Any CPU
		{608DCB3F-9A12-4A52-9A36-10ECC1821220}.Release|ARM64.Build.0 = Release|Any CPU
		{608DCB3F-9A12-4A52-9A36-10ECC1821220}.Release|iPhone.ActiveCfg = Release|Any CPU
		{608DCB3F-9A12-4A52-9A36-10ECC1821220}.Release|iPhone.Build.0 = Release|Any CPU
		{608DCB3F-9A12-4A52-9A36-10ECC1821220}.Release|iPhoneSimulator.ActiveCfg = Release|Any CPU
		{608DCB3F-9A12-4A52-9A36-10ECC1821220}.Release|iPhoneSimulator.Build.0 = Release|Any CPU
		{608DCB3F-9A12-4A52-9A36-10ECC1821220}.Release|x64.ActiveCfg = Release|Any CPU
		{608DCB3F-9A12-4A52-9A36-10ECC1821220}.Release|x64.Build.0 = Release|Any CPU
		{608DCB3F-9A12-4A52-9A36-10ECC1821220}.Release|x86.ActiveCfg = Release|Any CPU
		{608DCB3F-9A12-4A52-9A36-10ECC1821220}.Release|x86.Build.0 = Release|Any CPU
		{EFF5115E-6438-48A7-BD9C-9EBD08894614}.Ad-Hoc|Any CPU.ActiveCfg = Release|Any CPU
		{EFF5115E-6438-48A7-BD9C-9EBD08894614}.Ad-Hoc|Any CPU.Build.0 = Release|Any CPU
		{EFF5115E-6438-48A7-BD9C-9EBD08894614}.Ad-Hoc|ARM.ActiveCfg = Release|Any CPU
		{EFF5115E-6438-48A7-BD9C-9EBD08894614}.Ad-Hoc|ARM.Build.0 = Release|Any CPU
		{EFF5115E-6438-48A7-BD9C-9EBD08894614}.Ad-Hoc|ARM64.ActiveCfg = Release|Any CPU
		{EFF5115E-6438-48A7-BD9C-9EBD08894614}.Ad-Hoc|ARM64.Build.0 = Release|Any CPU
		{EFF5115E-6438-48A7-BD9C-9EBD08894614}.Ad-Hoc|iPhone.ActiveCfg = Release|Any CPU
		{EFF5115E-6438-48A7-BD9C-9EBD08894614}.Ad-Hoc|iPhone.Build.0 = Release|Any CPU
		{EFF5115E-6438-48A7-BD9C-9EBD08894614}.Ad-Hoc|iPhoneSimulator.ActiveCfg = Release|Any CPU
		{EFF5115E-6438-48A7-BD9C-9EBD08894614}.Ad-Hoc|iPhoneSimulator.Build.0 = Release|Any CPU
		{EFF5115E-6438-48A7-BD9C-9EBD08894614}.Ad-Hoc|x64.ActiveCfg = Release|Any CPU
		{EFF5115E-6438-48A7-BD9C-9EBD08894614}.Ad-Hoc|x64.Build.0 = Release|Any CPU
		{EFF5115E-6438-48A7-BD9C-9EBD08894614}.Ad-Hoc|x86.ActiveCfg = Release|Any CPU
		{EFF5115E-6438-48A7-BD9C-9EBD08894614}.Ad-Hoc|x86.Build.0 = Release|Any CPU
		{EFF5115E-6438-48A7-BD9C-9EBD08894614}.AppStore|Any CPU.ActiveCfg = Release|Any CPU
		{EFF5115E-6438-48A7-BD9C-9EBD08894614}.AppStore|Any CPU.Build.0 = Release|Any CPU
		{EFF5115E-6438-48A7-BD9C-9EBD08894614}.AppStore|ARM.ActiveCfg = Release|Any CPU
		{EFF5115E-6438-48A7-BD9C-9EBD08894614}.AppStore|ARM.Build.0 = Release|Any CPU
		{EFF5115E-6438-48A7-BD9C-9EBD08894614}.AppStore|ARM64.ActiveCfg = Release|Any CPU
		{EFF5115E-6438-48A7-BD9C-9EBD08894614}.AppStore|ARM64.Build.0 = Release|Any CPU
		{EFF5115E-6438-48A7-BD9C-9EBD08894614}.AppStore|iPhone.ActiveCfg = Release|Any CPU
		{EFF5115E-6438-48A7-BD9C-9EBD08894614}.AppStore|iPhone.Build.0 = Release|Any CPU
		{EFF5115E-6438-48A7-BD9C-9EBD08894614}.AppStore|iPhoneSimulator.ActiveCfg = Release|Any CPU
		{EFF5115E-6438-48A7-BD9C-9EBD08894614}.AppStore|iPhoneSimulator.Build.0 = Release|Any CPU
		{EFF5115E-6438-48A7-BD9C-9EBD08894614}.AppStore|x64.ActiveCfg = Release|Any CPU
		{EFF5115E-6438-48A7-BD9C-9EBD08894614}.AppStore|x64.Build.0 = Release|Any CPU
		{EFF5115E-6438-48A7-BD9C-9EBD08894614}.AppStore|x86.ActiveCfg = Release|Any CPU
		{EFF5115E-6438-48A7-BD9C-9EBD08894614}.AppStore|x86.Build.0 = Release|Any CPU
		{EFF5115E-6438-48A7-BD9C-9EBD08894614}.Debug|Any CPU.ActiveCfg = Debug|Any CPU
		{EFF5115E-6438-48A7-BD9C-9EBD08894614}.Debug|Any CPU.Build.0 = Debug|Any CPU
		{EFF5115E-6438-48A7-BD9C-9EBD08894614}.Debug|ARM.ActiveCfg = Debug|Any CPU
		{EFF5115E-6438-48A7-BD9C-9EBD08894614}.Debug|ARM.Build.0 = Debug|Any CPU
		{EFF5115E-6438-48A7-BD9C-9EBD08894614}.Debug|ARM64.ActiveCfg = Debug|Any CPU
		{EFF5115E-6438-48A7-BD9C-9EBD08894614}.Debug|ARM64.Build.0 = Debug|Any CPU
		{EFF5115E-6438-48A7-BD9C-9EBD08894614}.Debug|iPhone.ActiveCfg = Debug|Any CPU
		{EFF5115E-6438-48A7-BD9C-9EBD08894614}.Debug|iPhone.Build.0 = Debug|Any CPU
		{EFF5115E-6438-48A7-BD9C-9EBD08894614}.Debug|iPhoneSimulator.ActiveCfg = Debug|Any CPU
		{EFF5115E-6438-48A7-BD9C-9EBD08894614}.Debug|iPhoneSimulator.Build.0 = Debug|Any CPU
		{EFF5115E-6438-48A7-BD9C-9EBD08894614}.Debug|x64.ActiveCfg = Debug|Any CPU
		{EFF5115E-6438-48A7-BD9C-9EBD08894614}.Debug|x64.Build.0 = Debug|Any CPU
		{EFF5115E-6438-48A7-BD9C-9EBD08894614}.Debug|x86.ActiveCfg = Debug|Any CPU
		{EFF5115E-6438-48A7-BD9C-9EBD08894614}.Debug|x86.Build.0 = Debug|Any CPU
		{EFF5115E-6438-48A7-BD9C-9EBD08894614}.Release|Any CPU.ActiveCfg = Release|Any CPU
		{EFF5115E-6438-48A7-BD9C-9EBD08894614}.Release|Any CPU.Build.0 = Release|Any CPU
		{EFF5115E-6438-48A7-BD9C-9EBD08894614}.Release|ARM.ActiveCfg = Release|Any CPU
		{EFF5115E-6438-48A7-BD9C-9EBD08894614}.Release|ARM.Build.0 = Release|Any CPU
		{EFF5115E-6438-48A7-BD9C-9EBD08894614}.Release|ARM64.ActiveCfg = Release|Any CPU
		{EFF5115E-6438-48A7-BD9C-9EBD08894614}.Release|ARM64.Build.0 = Release|Any CPU
		{EFF5115E-6438-48A7-BD9C-9EBD08894614}.Release|iPhone.ActiveCfg = Release|Any CPU
		{EFF5115E-6438-48A7-BD9C-9EBD08894614}.Release|iPhone.Build.0 = Release|Any CPU
		{EFF5115E-6438-48A7-BD9C-9EBD08894614}.Release|iPhoneSimulator.ActiveCfg = Release|Any CPU
		{EFF5115E-6438-48A7-BD9C-9EBD08894614}.Release|iPhoneSimulator.Build.0 = Release|Any CPU
		{EFF5115E-6438-48A7-BD9C-9EBD08894614}.Release|x64.ActiveCfg = Release|Any CPU
		{EFF5115E-6438-48A7-BD9C-9EBD08894614}.Release|x64.Build.0 = Release|Any CPU
		{EFF5115E-6438-48A7-BD9C-9EBD08894614}.Release|x86.ActiveCfg = Release|Any CPU
		{EFF5115E-6438-48A7-BD9C-9EBD08894614}.Release|x86.Build.0 = Release|Any CPU
		{8B81125D-B1CE-455B-8B97-AA2A61244173}.Ad-Hoc|Any CPU.ActiveCfg = Release|Any CPU
		{8B81125D-B1CE-455B-8B97-AA2A61244173}.Ad-Hoc|Any CPU.Build.0 = Release|Any CPU
		{8B81125D-B1CE-455B-8B97-AA2A61244173}.Ad-Hoc|ARM.ActiveCfg = Release|Any CPU
		{8B81125D-B1CE-455B-8B97-AA2A61244173}.Ad-Hoc|ARM.Build.0 = Release|Any CPU
		{8B81125D-B1CE-455B-8B97-AA2A61244173}.Ad-Hoc|ARM64.ActiveCfg = Release|Any CPU
		{8B81125D-B1CE-455B-8B97-AA2A61244173}.Ad-Hoc|ARM64.Build.0 = Release|Any CPU
		{8B81125D-B1CE-455B-8B97-AA2A61244173}.Ad-Hoc|iPhone.ActiveCfg = Release|Any CPU
		{8B81125D-B1CE-455B-8B97-AA2A61244173}.Ad-Hoc|iPhone.Build.0 = Release|Any CPU
		{8B81125D-B1CE-455B-8B97-AA2A61244173}.Ad-Hoc|iPhoneSimulator.ActiveCfg = Release|Any CPU
		{8B81125D-B1CE-455B-8B97-AA2A61244173}.Ad-Hoc|iPhoneSimulator.Build.0 = Release|Any CPU
		{8B81125D-B1CE-455B-8B97-AA2A61244173}.Ad-Hoc|x64.ActiveCfg = Release|Any CPU
		{8B81125D-B1CE-455B-8B97-AA2A61244173}.Ad-Hoc|x64.Build.0 = Release|Any CPU
		{8B81125D-B1CE-455B-8B97-AA2A61244173}.Ad-Hoc|x86.ActiveCfg = Release|Any CPU
		{8B81125D-B1CE-455B-8B97-AA2A61244173}.Ad-Hoc|x86.Build.0 = Release|Any CPU
		{8B81125D-B1CE-455B-8B97-AA2A61244173}.AppStore|Any CPU.ActiveCfg = Release|Any CPU
		{8B81125D-B1CE-455B-8B97-AA2A61244173}.AppStore|Any CPU.Build.0 = Release|Any CPU
		{8B81125D-B1CE-455B-8B97-AA2A61244173}.AppStore|ARM.ActiveCfg = Release|Any CPU
		{8B81125D-B1CE-455B-8B97-AA2A61244173}.AppStore|ARM.Build.0 = Release|Any CPU
		{8B81125D-B1CE-455B-8B97-AA2A61244173}.AppStore|ARM64.ActiveCfg = Release|Any CPU
		{8B81125D-B1CE-455B-8B97-AA2A61244173}.AppStore|ARM64.Build.0 = Release|Any CPU
		{8B81125D-B1CE-455B-8B97-AA2A61244173}.AppStore|iPhone.ActiveCfg = Release|Any CPU
		{8B81125D-B1CE-455B-8B97-AA2A61244173}.AppStore|iPhone.Build.0 = Release|Any CPU
		{8B81125D-B1CE-455B-8B97-AA2A61244173}.AppStore|iPhoneSimulator.ActiveCfg = Release|Any CPU
		{8B81125D-B1CE-455B-8B97-AA2A61244173}.AppStore|iPhoneSimulator.Build.0 = Release|Any CPU
		{8B81125D-B1CE-455B-8B97-AA2A61244173}.AppStore|x64.ActiveCfg = Release|Any CPU
		{8B81125D-B1CE-455B-8B97-AA2A61244173}.AppStore|x64.Build.0 = Release|Any CPU
		{8B81125D-B1CE-455B-8B97-AA2A61244173}.AppStore|x86.ActiveCfg = Release|Any CPU
		{8B81125D-B1CE-455B-8B97-AA2A61244173}.AppStore|x86.Build.0 = Release|Any CPU
		{8B81125D-B1CE-455B-8B97-AA2A61244173}.Debug|Any CPU.ActiveCfg = Debug|Any CPU
		{8B81125D-B1CE-455B-8B97-AA2A61244173}.Debug|Any CPU.Build.0 = Debug|Any CPU
		{8B81125D-B1CE-455B-8B97-AA2A61244173}.Debug|ARM.ActiveCfg = Debug|Any CPU
		{8B81125D-B1CE-455B-8B97-AA2A61244173}.Debug|ARM.Build.0 = Debug|Any CPU
		{8B81125D-B1CE-455B-8B97-AA2A61244173}.Debug|ARM64.ActiveCfg = Debug|Any CPU
		{8B81125D-B1CE-455B-8B97-AA2A61244173}.Debug|ARM64.Build.0 = Debug|Any CPU
		{8B81125D-B1CE-455B-8B97-AA2A61244173}.Debug|iPhone.ActiveCfg = Debug|Any CPU
		{8B81125D-B1CE-455B-8B97-AA2A61244173}.Debug|iPhone.Build.0 = Debug|Any CPU
		{8B81125D-B1CE-455B-8B97-AA2A61244173}.Debug|iPhoneSimulator.ActiveCfg = Debug|Any CPU
		{8B81125D-B1CE-455B-8B97-AA2A61244173}.Debug|iPhoneSimulator.Build.0 = Debug|Any CPU
		{8B81125D-B1CE-455B-8B97-AA2A61244173}.Debug|x64.ActiveCfg = Debug|Any CPU
		{8B81125D-B1CE-455B-8B97-AA2A61244173}.Debug|x64.Build.0 = Debug|Any CPU
		{8B81125D-B1CE-455B-8B97-AA2A61244173}.Debug|x86.ActiveCfg = Debug|Any CPU
		{8B81125D-B1CE-455B-8B97-AA2A61244173}.Debug|x86.Build.0 = Debug|Any CPU
		{8B81125D-B1CE-455B-8B97-AA2A61244173}.Release|Any CPU.ActiveCfg = Release|Any CPU
		{8B81125D-B1CE-455B-8B97-AA2A61244173}.Release|Any CPU.Build.0 = Release|Any CPU
		{8B81125D-B1CE-455B-8B97-AA2A61244173}.Release|ARM.ActiveCfg = Release|Any CPU
		{8B81125D-B1CE-455B-8B97-AA2A61244173}.Release|ARM.Build.0 = Release|Any CPU
		{8B81125D-B1CE-455B-8B97-AA2A61244173}.Release|ARM64.ActiveCfg = Release|Any CPU
		{8B81125D-B1CE-455B-8B97-AA2A61244173}.Release|ARM64.Build.0 = Release|Any CPU
		{8B81125D-B1CE-455B-8B97-AA2A61244173}.Release|iPhone.ActiveCfg = Release|Any CPU
		{8B81125D-B1CE-455B-8B97-AA2A61244173}.Release|iPhone.Build.0 = Release|Any CPU
		{8B81125D-B1CE-455B-8B97-AA2A61244173}.Release|iPhoneSimulator.ActiveCfg = Release|Any CPU
		{8B81125D-B1CE-455B-8B97-AA2A61244173}.Release|iPhoneSimulator.Build.0 = Release|Any CPU
		{8B81125D-B1CE-455B-8B97-AA2A61244173}.Release|x64.ActiveCfg = Release|Any CPU
		{8B81125D-B1CE-455B-8B97-AA2A61244173}.Release|x64.Build.0 = Release|Any CPU
		{8B81125D-B1CE-455B-8B97-AA2A61244173}.Release|x86.ActiveCfg = Release|Any CPU
		{8B81125D-B1CE-455B-8B97-AA2A61244173}.Release|x86.Build.0 = Release|Any CPU
		{E77D1670-179E-4ADC-B46D-25C7664457E2}.Ad-Hoc|Any CPU.ActiveCfg = Release|Any CPU
		{E77D1670-179E-4ADC-B46D-25C7664457E2}.Ad-Hoc|Any CPU.Build.0 = Release|Any CPU
		{E77D1670-179E-4ADC-B46D-25C7664457E2}.Ad-Hoc|ARM.ActiveCfg = Release|Any CPU
		{E77D1670-179E-4ADC-B46D-25C7664457E2}.Ad-Hoc|ARM.Build.0 = Release|Any CPU
		{E77D1670-179E-4ADC-B46D-25C7664457E2}.Ad-Hoc|ARM64.ActiveCfg = Release|Any CPU
		{E77D1670-179E-4ADC-B46D-25C7664457E2}.Ad-Hoc|ARM64.Build.0 = Release|Any CPU
		{E77D1670-179E-4ADC-B46D-25C7664457E2}.Ad-Hoc|iPhone.ActiveCfg = Release|Any CPU
		{E77D1670-179E-4ADC-B46D-25C7664457E2}.Ad-Hoc|iPhone.Build.0 = Release|Any CPU
		{E77D1670-179E-4ADC-B46D-25C7664457E2}.Ad-Hoc|iPhoneSimulator.ActiveCfg = Release|Any CPU
		{E77D1670-179E-4ADC-B46D-25C7664457E2}.Ad-Hoc|iPhoneSimulator.Build.0 = Release|Any CPU
		{E77D1670-179E-4ADC-B46D-25C7664457E2}.Ad-Hoc|x64.ActiveCfg = Release|Any CPU
		{E77D1670-179E-4ADC-B46D-25C7664457E2}.Ad-Hoc|x64.Build.0 = Release|Any CPU
		{E77D1670-179E-4ADC-B46D-25C7664457E2}.Ad-Hoc|x86.ActiveCfg = Release|Any CPU
		{E77D1670-179E-4ADC-B46D-25C7664457E2}.Ad-Hoc|x86.Build.0 = Release|Any CPU
		{E77D1670-179E-4ADC-B46D-25C7664457E2}.AppStore|Any CPU.ActiveCfg = Release|Any CPU
		{E77D1670-179E-4ADC-B46D-25C7664457E2}.AppStore|Any CPU.Build.0 = Release|Any CPU
		{E77D1670-179E-4ADC-B46D-25C7664457E2}.AppStore|ARM.ActiveCfg = Release|Any CPU
		{E77D1670-179E-4ADC-B46D-25C7664457E2}.AppStore|ARM.Build.0 = Release|Any CPU
		{E77D1670-179E-4ADC-B46D-25C7664457E2}.AppStore|ARM64.ActiveCfg = Release|Any CPU
		{E77D1670-179E-4ADC-B46D-25C7664457E2}.AppStore|ARM64.Build.0 = Release|Any CPU
		{E77D1670-179E-4ADC-B46D-25C7664457E2}.AppStore|iPhone.ActiveCfg = Release|Any CPU
		{E77D1670-179E-4ADC-B46D-25C7664457E2}.AppStore|iPhone.Build.0 = Release|Any CPU
		{E77D1670-179E-4ADC-B46D-25C7664457E2}.AppStore|iPhoneSimulator.ActiveCfg = Release|Any CPU
		{E77D1670-179E-4ADC-B46D-25C7664457E2}.AppStore|iPhoneSimulator.Build.0 = Release|Any CPU
		{E77D1670-179E-4ADC-B46D-25C7664457E2}.AppStore|x64.ActiveCfg = Release|Any CPU
		{E77D1670-179E-4ADC-B46D-25C7664457E2}.AppStore|x64.Build.0 = Release|Any CPU
		{E77D1670-179E-4ADC-B46D-25C7664457E2}.AppStore|x86.ActiveCfg = Release|Any CPU
		{E77D1670-179E-4ADC-B46D-25C7664457E2}.AppStore|x86.Build.0 = Release|Any CPU
		{E77D1670-179E-4ADC-B46D-25C7664457E2}.Debug|Any CPU.ActiveCfg = Debug|Any CPU
		{E77D1670-179E-4ADC-B46D-25C7664457E2}.Debug|Any CPU.Build.0 = Debug|Any CPU
		{E77D1670-179E-4ADC-B46D-25C7664457E2}.Debug|ARM.ActiveCfg = Debug|Any CPU
		{E77D1670-179E-4ADC-B46D-25C7664457E2}.Debug|ARM.Build.0 = Debug|Any CPU
		{E77D1670-179E-4ADC-B46D-25C7664457E2}.Debug|ARM64.ActiveCfg = Debug|Any CPU
		{E77D1670-179E-4ADC-B46D-25C7664457E2}.Debug|ARM64.Build.0 = Debug|Any CPU
		{E77D1670-179E-4ADC-B46D-25C7664457E2}.Debug|iPhone.ActiveCfg = Debug|Any CPU
		{E77D1670-179E-4ADC-B46D-25C7664457E2}.Debug|iPhone.Build.0 = Debug|Any CPU
		{E77D1670-179E-4ADC-B46D-25C7664457E2}.Debug|iPhoneSimulator.ActiveCfg = Debug|Any CPU
		{E77D1670-179E-4ADC-B46D-25C7664457E2}.Debug|iPhoneSimulator.Build.0 = Debug|Any CPU
		{E77D1670-179E-4ADC-B46D-25C7664457E2}.Debug|x64.ActiveCfg = Debug|Any CPU
		{E77D1670-179E-4ADC-B46D-25C7664457E2}.Debug|x64.Build.0 = Debug|Any CPU
		{E77D1670-179E-4ADC-B46D-25C7664457E2}.Debug|x86.ActiveCfg = Debug|Any CPU
		{E77D1670-179E-4ADC-B46D-25C7664457E2}.Debug|x86.Build.0 = Debug|Any CPU
		{E77D1670-179E-4ADC-B46D-25C7664457E2}.Release|Any CPU.ActiveCfg = Release|Any CPU
		{E77D1670-179E-4ADC-B46D-25C7664457E2}.Release|Any CPU.Build.0 = Release|Any CPU
		{E77D1670-179E-4ADC-B46D-25C7664457E2}.Release|ARM.ActiveCfg = Release|Any CPU
		{E77D1670-179E-4ADC-B46D-25C7664457E2}.Release|ARM.Build.0 = Release|Any CPU
		{E77D1670-179E-4ADC-B46D-25C7664457E2}.Release|ARM64.ActiveCfg = Release|Any CPU
		{E77D1670-179E-4ADC-B46D-25C7664457E2}.Release|ARM64.Build.0 = Release|Any CPU
		{E77D1670-179E-4ADC-B46D-25C7664457E2}.Release|iPhone.ActiveCfg = Release|Any CPU
		{E77D1670-179E-4ADC-B46D-25C7664457E2}.Release|iPhone.Build.0 = Release|Any CPU
		{E77D1670-179E-4ADC-B46D-25C7664457E2}.Release|iPhoneSimulator.ActiveCfg = Release|Any CPU
		{E77D1670-179E-4ADC-B46D-25C7664457E2}.Release|iPhoneSimulator.Build.0 = Release|Any CPU
		{E77D1670-179E-4ADC-B46D-25C7664457E2}.Release|x64.ActiveCfg = Release|Any CPU
		{E77D1670-179E-4ADC-B46D-25C7664457E2}.Release|x64.Build.0 = Release|Any CPU
		{E77D1670-179E-4ADC-B46D-25C7664457E2}.Release|x86.ActiveCfg = Release|Any CPU
		{E77D1670-179E-4ADC-B46D-25C7664457E2}.Release|x86.Build.0 = Release|Any CPU
		{B5B5AFB2-9B07-455F-98D7-3065604E255D}.Ad-Hoc|Any CPU.ActiveCfg = Release|Any CPU
		{B5B5AFB2-9B07-455F-98D7-3065604E255D}.Ad-Hoc|Any CPU.Build.0 = Release|Any CPU
		{B5B5AFB2-9B07-455F-98D7-3065604E255D}.Ad-Hoc|ARM.ActiveCfg = Release|Any CPU
		{B5B5AFB2-9B07-455F-98D7-3065604E255D}.Ad-Hoc|ARM.Build.0 = Release|Any CPU
		{B5B5AFB2-9B07-455F-98D7-3065604E255D}.Ad-Hoc|ARM64.ActiveCfg = Release|Any CPU
		{B5B5AFB2-9B07-455F-98D7-3065604E255D}.Ad-Hoc|ARM64.Build.0 = Release|Any CPU
		{B5B5AFB2-9B07-455F-98D7-3065604E255D}.Ad-Hoc|iPhone.ActiveCfg = Release|Any CPU
		{B5B5AFB2-9B07-455F-98D7-3065604E255D}.Ad-Hoc|iPhone.Build.0 = Release|Any CPU
		{B5B5AFB2-9B07-455F-98D7-3065604E255D}.Ad-Hoc|iPhoneSimulator.ActiveCfg = Release|Any CPU
		{B5B5AFB2-9B07-455F-98D7-3065604E255D}.Ad-Hoc|iPhoneSimulator.Build.0 = Release|Any CPU
		{B5B5AFB2-9B07-455F-98D7-3065604E255D}.Ad-Hoc|x64.ActiveCfg = Release|Any CPU
		{B5B5AFB2-9B07-455F-98D7-3065604E255D}.Ad-Hoc|x64.Build.0 = Release|Any CPU
		{B5B5AFB2-9B07-455F-98D7-3065604E255D}.Ad-Hoc|x86.ActiveCfg = Release|Any CPU
		{B5B5AFB2-9B07-455F-98D7-3065604E255D}.Ad-Hoc|x86.Build.0 = Release|Any CPU
		{B5B5AFB2-9B07-455F-98D7-3065604E255D}.AppStore|Any CPU.ActiveCfg = Release|Any CPU
		{B5B5AFB2-9B07-455F-98D7-3065604E255D}.AppStore|Any CPU.Build.0 = Release|Any CPU
		{B5B5AFB2-9B07-455F-98D7-3065604E255D}.AppStore|ARM.ActiveCfg = Release|Any CPU
		{B5B5AFB2-9B07-455F-98D7-3065604E255D}.AppStore|ARM.Build.0 = Release|Any CPU
		{B5B5AFB2-9B07-455F-98D7-3065604E255D}.AppStore|ARM64.ActiveCfg = Release|Any CPU
		{B5B5AFB2-9B07-455F-98D7-3065604E255D}.AppStore|ARM64.Build.0 = Release|Any CPU
		{B5B5AFB2-9B07-455F-98D7-3065604E255D}.AppStore|iPhone.ActiveCfg = Release|Any CPU
		{B5B5AFB2-9B07-455F-98D7-3065604E255D}.AppStore|iPhone.Build.0 = Release|Any CPU
		{B5B5AFB2-9B07-455F-98D7-3065604E255D}.AppStore|iPhoneSimulator.ActiveCfg = Release|Any CPU
		{B5B5AFB2-9B07-455F-98D7-3065604E255D}.AppStore|iPhoneSimulator.Build.0 = Release|Any CPU
		{B5B5AFB2-9B07-455F-98D7-3065604E255D}.AppStore|x64.ActiveCfg = Release|Any CPU
		{B5B5AFB2-9B07-455F-98D7-3065604E255D}.AppStore|x64.Build.0 = Release|Any CPU
		{B5B5AFB2-9B07-455F-98D7-3065604E255D}.AppStore|x86.ActiveCfg = Release|Any CPU
		{B5B5AFB2-9B07-455F-98D7-3065604E255D}.AppStore|x86.Build.0 = Release|Any CPU
		{B5B5AFB2-9B07-455F-98D7-3065604E255D}.Debug|Any CPU.ActiveCfg = Debug|Any CPU
		{B5B5AFB2-9B07-455F-98D7-3065604E255D}.Debug|Any CPU.Build.0 = Debug|Any CPU
		{B5B5AFB2-9B07-455F-98D7-3065604E255D}.Debug|ARM.ActiveCfg = Debug|Any CPU
		{B5B5AFB2-9B07-455F-98D7-3065604E255D}.Debug|ARM.Build.0 = Debug|Any CPU
		{B5B5AFB2-9B07-455F-98D7-3065604E255D}.Debug|ARM64.ActiveCfg = Debug|Any CPU
		{B5B5AFB2-9B07-455F-98D7-3065604E255D}.Debug|ARM64.Build.0 = Debug|Any CPU
		{B5B5AFB2-9B07-455F-98D7-3065604E255D}.Debug|iPhone.ActiveCfg = Debug|Any CPU
		{B5B5AFB2-9B07-455F-98D7-3065604E255D}.Debug|iPhone.Build.0 = Debug|Any CPU
		{B5B5AFB2-9B07-455F-98D7-3065604E255D}.Debug|iPhoneSimulator.ActiveCfg = Debug|Any CPU
		{B5B5AFB2-9B07-455F-98D7-3065604E255D}.Debug|iPhoneSimulator.Build.0 = Debug|Any CPU
		{B5B5AFB2-9B07-455F-98D7-3065604E255D}.Debug|x64.ActiveCfg = Debug|Any CPU
		{B5B5AFB2-9B07-455F-98D7-3065604E255D}.Debug|x64.Build.0 = Debug|Any CPU
		{B5B5AFB2-9B07-455F-98D7-3065604E255D}.Debug|x86.ActiveCfg = Debug|Any CPU
		{B5B5AFB2-9B07-455F-98D7-3065604E255D}.Debug|x86.Build.0 = Debug|Any CPU
		{B5B5AFB2-9B07-455F-98D7-3065604E255D}.Release|Any CPU.ActiveCfg = Release|Any CPU
		{B5B5AFB2-9B07-455F-98D7-3065604E255D}.Release|Any CPU.Build.0 = Release|Any CPU
		{B5B5AFB2-9B07-455F-98D7-3065604E255D}.Release|ARM.ActiveCfg = Release|Any CPU
		{B5B5AFB2-9B07-455F-98D7-3065604E255D}.Release|ARM.Build.0 = Release|Any CPU
		{B5B5AFB2-9B07-455F-98D7-3065604E255D}.Release|ARM64.ActiveCfg = Release|Any CPU
		{B5B5AFB2-9B07-455F-98D7-3065604E255D}.Release|ARM64.Build.0 = Release|Any CPU
		{B5B5AFB2-9B07-455F-98D7-3065604E255D}.Release|iPhone.ActiveCfg = Release|Any CPU
		{B5B5AFB2-9B07-455F-98D7-3065604E255D}.Release|iPhone.Build.0 = Release|Any CPU
		{B5B5AFB2-9B07-455F-98D7-3065604E255D}.Release|iPhoneSimulator.ActiveCfg = Release|Any CPU
		{B5B5AFB2-9B07-455F-98D7-3065604E255D}.Release|iPhoneSimulator.Build.0 = Release|Any CPU
		{B5B5AFB2-9B07-455F-98D7-3065604E255D}.Release|x64.ActiveCfg = Release|Any CPU
		{B5B5AFB2-9B07-455F-98D7-3065604E255D}.Release|x64.Build.0 = Release|Any CPU
		{B5B5AFB2-9B07-455F-98D7-3065604E255D}.Release|x86.ActiveCfg = Release|Any CPU
		{B5B5AFB2-9B07-455F-98D7-3065604E255D}.Release|x86.Build.0 = Release|Any CPU
		{47746B47-FC17-4263-8DEF-30D2C515AF37}.Ad-Hoc|Any CPU.ActiveCfg = Release|Any CPU
		{47746B47-FC17-4263-8DEF-30D2C515AF37}.Ad-Hoc|Any CPU.Build.0 = Release|Any CPU
		{47746B47-FC17-4263-8DEF-30D2C515AF37}.Ad-Hoc|ARM.ActiveCfg = Release|Any CPU
		{47746B47-FC17-4263-8DEF-30D2C515AF37}.Ad-Hoc|ARM.Build.0 = Release|Any CPU
		{47746B47-FC17-4263-8DEF-30D2C515AF37}.Ad-Hoc|ARM64.ActiveCfg = Release|Any CPU
		{47746B47-FC17-4263-8DEF-30D2C515AF37}.Ad-Hoc|ARM64.Build.0 = Release|Any CPU
		{47746B47-FC17-4263-8DEF-30D2C515AF37}.Ad-Hoc|iPhone.ActiveCfg = Release|Any CPU
		{47746B47-FC17-4263-8DEF-30D2C515AF37}.Ad-Hoc|iPhone.Build.0 = Release|Any CPU
		{47746B47-FC17-4263-8DEF-30D2C515AF37}.Ad-Hoc|iPhoneSimulator.ActiveCfg = Release|Any CPU
		{47746B47-FC17-4263-8DEF-30D2C515AF37}.Ad-Hoc|iPhoneSimulator.Build.0 = Release|Any CPU
		{47746B47-FC17-4263-8DEF-30D2C515AF37}.Ad-Hoc|x64.ActiveCfg = Release|Any CPU
		{47746B47-FC17-4263-8DEF-30D2C515AF37}.Ad-Hoc|x64.Build.0 = Release|Any CPU
		{47746B47-FC17-4263-8DEF-30D2C515AF37}.Ad-Hoc|x86.ActiveCfg = Release|Any CPU
		{47746B47-FC17-4263-8DEF-30D2C515AF37}.Ad-Hoc|x86.Build.0 = Release|Any CPU
		{47746B47-FC17-4263-8DEF-30D2C515AF37}.AppStore|Any CPU.ActiveCfg = Release|Any CPU
		{47746B47-FC17-4263-8DEF-30D2C515AF37}.AppStore|Any CPU.Build.0 = Release|Any CPU
		{47746B47-FC17-4263-8DEF-30D2C515AF37}.AppStore|ARM.ActiveCfg = Release|Any CPU
		{47746B47-FC17-4263-8DEF-30D2C515AF37}.AppStore|ARM.Build.0 = Release|Any CPU
		{47746B47-FC17-4263-8DEF-30D2C515AF37}.AppStore|ARM64.ActiveCfg = Release|Any CPU
		{47746B47-FC17-4263-8DEF-30D2C515AF37}.AppStore|ARM64.Build.0 = Release|Any CPU
		{47746B47-FC17-4263-8DEF-30D2C515AF37}.AppStore|iPhone.ActiveCfg = Release|Any CPU
		{47746B47-FC17-4263-8DEF-30D2C515AF37}.AppStore|iPhone.Build.0 = Release|Any CPU
		{47746B47-FC17-4263-8DEF-30D2C515AF37}.AppStore|iPhoneSimulator.ActiveCfg = Release|Any CPU
		{47746B47-FC17-4263-8DEF-30D2C515AF37}.AppStore|iPhoneSimulator.Build.0 = Release|Any CPU
		{47746B47-FC17-4263-8DEF-30D2C515AF37}.AppStore|x64.ActiveCfg = Release|Any CPU
		{47746B47-FC17-4263-8DEF-30D2C515AF37}.AppStore|x64.Build.0 = Release|Any CPU
		{47746B47-FC17-4263-8DEF-30D2C515AF37}.AppStore|x86.ActiveCfg = Release|Any CPU
		{47746B47-FC17-4263-8DEF-30D2C515AF37}.AppStore|x86.Build.0 = Release|Any CPU
		{47746B47-FC17-4263-8DEF-30D2C515AF37}.Debug|Any CPU.ActiveCfg = Debug|Any CPU
		{47746B47-FC17-4263-8DEF-30D2C515AF37}.Debug|Any CPU.Build.0 = Debug|Any CPU
		{47746B47-FC17-4263-8DEF-30D2C515AF37}.Debug|ARM.ActiveCfg = Debug|Any CPU
		{47746B47-FC17-4263-8DEF-30D2C515AF37}.Debug|ARM.Build.0 = Debug|Any CPU
		{47746B47-FC17-4263-8DEF-30D2C515AF37}.Debug|ARM64.ActiveCfg = Debug|Any CPU
		{47746B47-FC17-4263-8DEF-30D2C515AF37}.Debug|ARM64.Build.0 = Debug|Any CPU
		{47746B47-FC17-4263-8DEF-30D2C515AF37}.Debug|iPhone.ActiveCfg = Debug|Any CPU
		{47746B47-FC17-4263-8DEF-30D2C515AF37}.Debug|iPhone.Build.0 = Debug|Any CPU
		{47746B47-FC17-4263-8DEF-30D2C515AF37}.Debug|iPhoneSimulator.ActiveCfg = Debug|Any CPU
		{47746B47-FC17-4263-8DEF-30D2C515AF37}.Debug|iPhoneSimulator.Build.0 = Debug|Any CPU
		{47746B47-FC17-4263-8DEF-30D2C515AF37}.Debug|x64.ActiveCfg = Debug|Any CPU
		{47746B47-FC17-4263-8DEF-30D2C515AF37}.Debug|x64.Build.0 = Debug|Any CPU
		{47746B47-FC17-4263-8DEF-30D2C515AF37}.Debug|x86.ActiveCfg = Debug|Any CPU
		{47746B47-FC17-4263-8DEF-30D2C515AF37}.Debug|x86.Build.0 = Debug|Any CPU
		{47746B47-FC17-4263-8DEF-30D2C515AF37}.Release|Any CPU.ActiveCfg = Release|Any CPU
		{47746B47-FC17-4263-8DEF-30D2C515AF37}.Release|Any CPU.Build.0 = Release|Any CPU
		{47746B47-FC17-4263-8DEF-30D2C515AF37}.Release|ARM.ActiveCfg = Release|Any CPU
		{47746B47-FC17-4263-8DEF-30D2C515AF37}.Release|ARM.Build.0 = Release|Any CPU
		{47746B47-FC17-4263-8DEF-30D2C515AF37}.Release|ARM64.ActiveCfg = Release|Any CPU
		{47746B47-FC17-4263-8DEF-30D2C515AF37}.Release|ARM64.Build.0 = Release|Any CPU
		{47746B47-FC17-4263-8DEF-30D2C515AF37}.Release|iPhone.ActiveCfg = Release|Any CPU
		{47746B47-FC17-4263-8DEF-30D2C515AF37}.Release|iPhone.Build.0 = Release|Any CPU
		{47746B47-FC17-4263-8DEF-30D2C515AF37}.Release|iPhoneSimulator.ActiveCfg = Release|Any CPU
		{47746B47-FC17-4263-8DEF-30D2C515AF37}.Release|iPhoneSimulator.Build.0 = Release|Any CPU
		{47746B47-FC17-4263-8DEF-30D2C515AF37}.Release|x64.ActiveCfg = Release|Any CPU
		{47746B47-FC17-4263-8DEF-30D2C515AF37}.Release|x64.Build.0 = Release|Any CPU
		{47746B47-FC17-4263-8DEF-30D2C515AF37}.Release|x86.ActiveCfg = Release|Any CPU
		{47746B47-FC17-4263-8DEF-30D2C515AF37}.Release|x86.Build.0 = Release|Any CPU
		{8AE807F5-1185-4AEC-881E-DBDDA9E47EB3}.Ad-Hoc|Any CPU.ActiveCfg = Release|Any CPU
		{8AE807F5-1185-4AEC-881E-DBDDA9E47EB3}.Ad-Hoc|Any CPU.Build.0 = Release|Any CPU
		{8AE807F5-1185-4AEC-881E-DBDDA9E47EB3}.Ad-Hoc|ARM.ActiveCfg = Release|Any CPU
		{8AE807F5-1185-4AEC-881E-DBDDA9E47EB3}.Ad-Hoc|ARM.Build.0 = Release|Any CPU
		{8AE807F5-1185-4AEC-881E-DBDDA9E47EB3}.Ad-Hoc|ARM64.ActiveCfg = Release|Any CPU
		{8AE807F5-1185-4AEC-881E-DBDDA9E47EB3}.Ad-Hoc|ARM64.Build.0 = Release|Any CPU
		{8AE807F5-1185-4AEC-881E-DBDDA9E47EB3}.Ad-Hoc|iPhone.ActiveCfg = Release|Any CPU
		{8AE807F5-1185-4AEC-881E-DBDDA9E47EB3}.Ad-Hoc|iPhone.Build.0 = Release|Any CPU
		{8AE807F5-1185-4AEC-881E-DBDDA9E47EB3}.Ad-Hoc|iPhoneSimulator.ActiveCfg = Release|Any CPU
		{8AE807F5-1185-4AEC-881E-DBDDA9E47EB3}.Ad-Hoc|iPhoneSimulator.Build.0 = Release|Any CPU
		{8AE807F5-1185-4AEC-881E-DBDDA9E47EB3}.Ad-Hoc|x64.ActiveCfg = Release|Any CPU
		{8AE807F5-1185-4AEC-881E-DBDDA9E47EB3}.Ad-Hoc|x64.Build.0 = Release|Any CPU
		{8AE807F5-1185-4AEC-881E-DBDDA9E47EB3}.Ad-Hoc|x86.ActiveCfg = Release|Any CPU
		{8AE807F5-1185-4AEC-881E-DBDDA9E47EB3}.Ad-Hoc|x86.Build.0 = Release|Any CPU
		{8AE807F5-1185-4AEC-881E-DBDDA9E47EB3}.AppStore|Any CPU.ActiveCfg = Release|Any CPU
		{8AE807F5-1185-4AEC-881E-DBDDA9E47EB3}.AppStore|Any CPU.Build.0 = Release|Any CPU
		{8AE807F5-1185-4AEC-881E-DBDDA9E47EB3}.AppStore|ARM.ActiveCfg = Release|Any CPU
		{8AE807F5-1185-4AEC-881E-DBDDA9E47EB3}.AppStore|ARM.Build.0 = Release|Any CPU
		{8AE807F5-1185-4AEC-881E-DBDDA9E47EB3}.AppStore|ARM64.ActiveCfg = Release|Any CPU
		{8AE807F5-1185-4AEC-881E-DBDDA9E47EB3}.AppStore|ARM64.Build.0 = Release|Any CPU
		{8AE807F5-1185-4AEC-881E-DBDDA9E47EB3}.AppStore|iPhone.ActiveCfg = Release|Any CPU
		{8AE807F5-1185-4AEC-881E-DBDDA9E47EB3}.AppStore|iPhone.Build.0 = Release|Any CPU
		{8AE807F5-1185-4AEC-881E-DBDDA9E47EB3}.AppStore|iPhoneSimulator.ActiveCfg = Release|Any CPU
		{8AE807F5-1185-4AEC-881E-DBDDA9E47EB3}.AppStore|iPhoneSimulator.Build.0 = Release|Any CPU
		{8AE807F5-1185-4AEC-881E-DBDDA9E47EB3}.AppStore|x64.ActiveCfg = Release|Any CPU
		{8AE807F5-1185-4AEC-881E-DBDDA9E47EB3}.AppStore|x64.Build.0 = Release|Any CPU
		{8AE807F5-1185-4AEC-881E-DBDDA9E47EB3}.AppStore|x86.ActiveCfg = Release|Any CPU
		{8AE807F5-1185-4AEC-881E-DBDDA9E47EB3}.AppStore|x86.Build.0 = Release|Any CPU
		{8AE807F5-1185-4AEC-881E-DBDDA9E47EB3}.Debug|Any CPU.ActiveCfg = Debug|Any CPU
		{8AE807F5-1185-4AEC-881E-DBDDA9E47EB3}.Debug|Any CPU.Build.0 = Debug|Any CPU
		{8AE807F5-1185-4AEC-881E-DBDDA9E47EB3}.Debug|ARM.ActiveCfg = Debug|Any CPU
		{8AE807F5-1185-4AEC-881E-DBDDA9E47EB3}.Debug|ARM.Build.0 = Debug|Any CPU
		{8AE807F5-1185-4AEC-881E-DBDDA9E47EB3}.Debug|ARM64.ActiveCfg = Debug|Any CPU
		{8AE807F5-1185-4AEC-881E-DBDDA9E47EB3}.Debug|ARM64.Build.0 = Debug|Any CPU
		{8AE807F5-1185-4AEC-881E-DBDDA9E47EB3}.Debug|iPhone.ActiveCfg = Debug|Any CPU
		{8AE807F5-1185-4AEC-881E-DBDDA9E47EB3}.Debug|iPhone.Build.0 = Debug|Any CPU
		{8AE807F5-1185-4AEC-881E-DBDDA9E47EB3}.Debug|iPhoneSimulator.ActiveCfg = Debug|Any CPU
		{8AE807F5-1185-4AEC-881E-DBDDA9E47EB3}.Debug|iPhoneSimulator.Build.0 = Debug|Any CPU
		{8AE807F5-1185-4AEC-881E-DBDDA9E47EB3}.Debug|x64.ActiveCfg = Debug|Any CPU
		{8AE807F5-1185-4AEC-881E-DBDDA9E47EB3}.Debug|x64.Build.0 = Debug|Any CPU
		{8AE807F5-1185-4AEC-881E-DBDDA9E47EB3}.Debug|x86.ActiveCfg = Debug|Any CPU
		{8AE807F5-1185-4AEC-881E-DBDDA9E47EB3}.Debug|x86.Build.0 = Debug|Any CPU
		{8AE807F5-1185-4AEC-881E-DBDDA9E47EB3}.Release|Any CPU.ActiveCfg = Release|Any CPU
		{8AE807F5-1185-4AEC-881E-DBDDA9E47EB3}.Release|Any CPU.Build.0 = Release|Any CPU
		{8AE807F5-1185-4AEC-881E-DBDDA9E47EB3}.Release|ARM.ActiveCfg = Release|Any CPU
		{8AE807F5-1185-4AEC-881E-DBDDA9E47EB3}.Release|ARM.Build.0 = Release|Any CPU
		{8AE807F5-1185-4AEC-881E-DBDDA9E47EB3}.Release|ARM64.ActiveCfg = Release|Any CPU
		{8AE807F5-1185-4AEC-881E-DBDDA9E47EB3}.Release|ARM64.Build.0 = Release|Any CPU
		{8AE807F5-1185-4AEC-881E-DBDDA9E47EB3}.Release|iPhone.ActiveCfg = Release|Any CPU
		{8AE807F5-1185-4AEC-881E-DBDDA9E47EB3}.Release|iPhone.Build.0 = Release|Any CPU
		{8AE807F5-1185-4AEC-881E-DBDDA9E47EB3}.Release|iPhoneSimulator.ActiveCfg = Release|Any CPU
		{8AE807F5-1185-4AEC-881E-DBDDA9E47EB3}.Release|iPhoneSimulator.Build.0 = Release|Any CPU
		{8AE807F5-1185-4AEC-881E-DBDDA9E47EB3}.Release|x64.ActiveCfg = Release|Any CPU
		{8AE807F5-1185-4AEC-881E-DBDDA9E47EB3}.Release|x64.Build.0 = Release|Any CPU
		{8AE807F5-1185-4AEC-881E-DBDDA9E47EB3}.Release|x86.ActiveCfg = Release|Any CPU
		{8AE807F5-1185-4AEC-881E-DBDDA9E47EB3}.Release|x86.Build.0 = Release|Any CPU
		{92FCE35C-F4C7-48D9-B040-84C8E80C920B}.Ad-Hoc|Any CPU.ActiveCfg = Release|Any CPU
		{92FCE35C-F4C7-48D9-B040-84C8E80C920B}.Ad-Hoc|Any CPU.Build.0 = Release|Any CPU
		{92FCE35C-F4C7-48D9-B040-84C8E80C920B}.Ad-Hoc|ARM.ActiveCfg = Release|Any CPU
		{92FCE35C-F4C7-48D9-B040-84C8E80C920B}.Ad-Hoc|ARM.Build.0 = Release|Any CPU
		{92FCE35C-F4C7-48D9-B040-84C8E80C920B}.Ad-Hoc|ARM64.ActiveCfg = Release|Any CPU
		{92FCE35C-F4C7-48D9-B040-84C8E80C920B}.Ad-Hoc|ARM64.Build.0 = Release|Any CPU
		{92FCE35C-F4C7-48D9-B040-84C8E80C920B}.Ad-Hoc|iPhone.ActiveCfg = Release|Any CPU
		{92FCE35C-F4C7-48D9-B040-84C8E80C920B}.Ad-Hoc|iPhone.Build.0 = Release|Any CPU
		{92FCE35C-F4C7-48D9-B040-84C8E80C920B}.Ad-Hoc|iPhoneSimulator.ActiveCfg = Release|Any CPU
		{92FCE35C-F4C7-48D9-B040-84C8E80C920B}.Ad-Hoc|iPhoneSimulator.Build.0 = Release|Any CPU
		{92FCE35C-F4C7-48D9-B040-84C8E80C920B}.Ad-Hoc|x64.ActiveCfg = Release|Any CPU
		{92FCE35C-F4C7-48D9-B040-84C8E80C920B}.Ad-Hoc|x64.Build.0 = Release|Any CPU
		{92FCE35C-F4C7-48D9-B040-84C8E80C920B}.Ad-Hoc|x86.ActiveCfg = Release|Any CPU
		{92FCE35C-F4C7-48D9-B040-84C8E80C920B}.Ad-Hoc|x86.Build.0 = Release|Any CPU
		{92FCE35C-F4C7-48D9-B040-84C8E80C920B}.AppStore|Any CPU.ActiveCfg = Release|Any CPU
		{92FCE35C-F4C7-48D9-B040-84C8E80C920B}.AppStore|Any CPU.Build.0 = Release|Any CPU
		{92FCE35C-F4C7-48D9-B040-84C8E80C920B}.AppStore|ARM.ActiveCfg = Release|Any CPU
		{92FCE35C-F4C7-48D9-B040-84C8E80C920B}.AppStore|ARM.Build.0 = Release|Any CPU
		{92FCE35C-F4C7-48D9-B040-84C8E80C920B}.AppStore|ARM64.ActiveCfg = Release|Any CPU
		{92FCE35C-F4C7-48D9-B040-84C8E80C920B}.AppStore|ARM64.Build.0 = Release|Any CPU
		{92FCE35C-F4C7-48D9-B040-84C8E80C920B}.AppStore|iPhone.ActiveCfg = Release|Any CPU
		{92FCE35C-F4C7-48D9-B040-84C8E80C920B}.AppStore|iPhone.Build.0 = Release|Any CPU
		{92FCE35C-F4C7-48D9-B040-84C8E80C920B}.AppStore|iPhoneSimulator.ActiveCfg = Release|Any CPU
		{92FCE35C-F4C7-48D9-B040-84C8E80C920B}.AppStore|iPhoneSimulator.Build.0 = Release|Any CPU
		{92FCE35C-F4C7-48D9-B040-84C8E80C920B}.AppStore|x64.ActiveCfg = Release|Any CPU
		{92FCE35C-F4C7-48D9-B040-84C8E80C920B}.AppStore|x64.Build.0 = Release|Any CPU
		{92FCE35C-F4C7-48D9-B040-84C8E80C920B}.AppStore|x86.ActiveCfg = Release|Any CPU
		{92FCE35C-F4C7-48D9-B040-84C8E80C920B}.AppStore|x86.Build.0 = Release|Any CPU
		{92FCE35C-F4C7-48D9-B040-84C8E80C920B}.Debug|Any CPU.ActiveCfg = Debug|Any CPU
		{92FCE35C-F4C7-48D9-B040-84C8E80C920B}.Debug|Any CPU.Build.0 = Debug|Any CPU
		{92FCE35C-F4C7-48D9-B040-84C8E80C920B}.Debug|ARM.ActiveCfg = Debug|Any CPU
		{92FCE35C-F4C7-48D9-B040-84C8E80C920B}.Debug|ARM.Build.0 = Debug|Any CPU
		{92FCE35C-F4C7-48D9-B040-84C8E80C920B}.Debug|ARM64.ActiveCfg = Debug|Any CPU
		{92FCE35C-F4C7-48D9-B040-84C8E80C920B}.Debug|ARM64.Build.0 = Debug|Any CPU
		{92FCE35C-F4C7-48D9-B040-84C8E80C920B}.Debug|iPhone.ActiveCfg = Debug|Any CPU
		{92FCE35C-F4C7-48D9-B040-84C8E80C920B}.Debug|iPhone.Build.0 = Debug|Any CPU
		{92FCE35C-F4C7-48D9-B040-84C8E80C920B}.Debug|iPhoneSimulator.ActiveCfg = Debug|Any CPU
		{92FCE35C-F4C7-48D9-B040-84C8E80C920B}.Debug|iPhoneSimulator.Build.0 = Debug|Any CPU
		{92FCE35C-F4C7-48D9-B040-84C8E80C920B}.Debug|x64.ActiveCfg = Debug|Any CPU
		{92FCE35C-F4C7-48D9-B040-84C8E80C920B}.Debug|x64.Build.0 = Debug|Any CPU
		{92FCE35C-F4C7-48D9-B040-84C8E80C920B}.Debug|x86.ActiveCfg = Debug|Any CPU
		{92FCE35C-F4C7-48D9-B040-84C8E80C920B}.Debug|x86.Build.0 = Debug|Any CPU
		{92FCE35C-F4C7-48D9-B040-84C8E80C920B}.Release|Any CPU.ActiveCfg = Release|Any CPU
		{92FCE35C-F4C7-48D9-B040-84C8E80C920B}.Release|Any CPU.Build.0 = Release|Any CPU
		{92FCE35C-F4C7-48D9-B040-84C8E80C920B}.Release|ARM.ActiveCfg = Release|Any CPU
		{92FCE35C-F4C7-48D9-B040-84C8E80C920B}.Release|ARM.Build.0 = Release|Any CPU
		{92FCE35C-F4C7-48D9-B040-84C8E80C920B}.Release|ARM64.ActiveCfg = Release|Any CPU
		{92FCE35C-F4C7-48D9-B040-84C8E80C920B}.Release|ARM64.Build.0 = Release|Any CPU
		{92FCE35C-F4C7-48D9-B040-84C8E80C920B}.Release|iPhone.ActiveCfg = Release|Any CPU
		{92FCE35C-F4C7-48D9-B040-84C8E80C920B}.Release|iPhone.Build.0 = Release|Any CPU
		{92FCE35C-F4C7-48D9-B040-84C8E80C920B}.Release|iPhoneSimulator.ActiveCfg = Release|Any CPU
		{92FCE35C-F4C7-48D9-B040-84C8E80C920B}.Release|iPhoneSimulator.Build.0 = Release|Any CPU
		{92FCE35C-F4C7-48D9-B040-84C8E80C920B}.Release|x64.ActiveCfg = Release|Any CPU
		{92FCE35C-F4C7-48D9-B040-84C8E80C920B}.Release|x64.Build.0 = Release|Any CPU
		{92FCE35C-F4C7-48D9-B040-84C8E80C920B}.Release|x86.ActiveCfg = Release|Any CPU
		{92FCE35C-F4C7-48D9-B040-84C8E80C920B}.Release|x86.Build.0 = Release|Any CPU
		{61372A87-C169-4E5B-A4D4-C9B354DEB057}.Ad-Hoc|Any CPU.ActiveCfg = Release|Any CPU
		{61372A87-C169-4E5B-A4D4-C9B354DEB057}.Ad-Hoc|Any CPU.Build.0 = Release|Any CPU
		{61372A87-C169-4E5B-A4D4-C9B354DEB057}.Ad-Hoc|ARM.ActiveCfg = Release|Any CPU
		{61372A87-C169-4E5B-A4D4-C9B354DEB057}.Ad-Hoc|ARM.Build.0 = Release|Any CPU
		{61372A87-C169-4E5B-A4D4-C9B354DEB057}.Ad-Hoc|ARM64.ActiveCfg = Release|Any CPU
		{61372A87-C169-4E5B-A4D4-C9B354DEB057}.Ad-Hoc|ARM64.Build.0 = Release|Any CPU
		{61372A87-C169-4E5B-A4D4-C9B354DEB057}.Ad-Hoc|iPhone.ActiveCfg = Release|Any CPU
		{61372A87-C169-4E5B-A4D4-C9B354DEB057}.Ad-Hoc|iPhone.Build.0 = Release|Any CPU
		{61372A87-C169-4E5B-A4D4-C9B354DEB057}.Ad-Hoc|iPhoneSimulator.ActiveCfg = Release|Any CPU
		{61372A87-C169-4E5B-A4D4-C9B354DEB057}.Ad-Hoc|iPhoneSimulator.Build.0 = Release|Any CPU
		{61372A87-C169-4E5B-A4D4-C9B354DEB057}.Ad-Hoc|x64.ActiveCfg = Release|Any CPU
		{61372A87-C169-4E5B-A4D4-C9B354DEB057}.Ad-Hoc|x64.Build.0 = Release|Any CPU
		{61372A87-C169-4E5B-A4D4-C9B354DEB057}.Ad-Hoc|x86.ActiveCfg = Release|Any CPU
		{61372A87-C169-4E5B-A4D4-C9B354DEB057}.Ad-Hoc|x86.Build.0 = Release|Any CPU
		{61372A87-C169-4E5B-A4D4-C9B354DEB057}.AppStore|Any CPU.ActiveCfg = Release|Any CPU
		{61372A87-C169-4E5B-A4D4-C9B354DEB057}.AppStore|Any CPU.Build.0 = Release|Any CPU
		{61372A87-C169-4E5B-A4D4-C9B354DEB057}.AppStore|ARM.ActiveCfg = Release|Any CPU
		{61372A87-C169-4E5B-A4D4-C9B354DEB057}.AppStore|ARM.Build.0 = Release|Any CPU
		{61372A87-C169-4E5B-A4D4-C9B354DEB057}.AppStore|ARM64.ActiveCfg = Release|Any CPU
		{61372A87-C169-4E5B-A4D4-C9B354DEB057}.AppStore|ARM64.Build.0 = Release|Any CPU
		{61372A87-C169-4E5B-A4D4-C9B354DEB057}.AppStore|iPhone.ActiveCfg = Release|Any CPU
		{61372A87-C169-4E5B-A4D4-C9B354DEB057}.AppStore|iPhone.Build.0 = Release|Any CPU
		{61372A87-C169-4E5B-A4D4-C9B354DEB057}.AppStore|iPhoneSimulator.ActiveCfg = Release|Any CPU
		{61372A87-C169-4E5B-A4D4-C9B354DEB057}.AppStore|iPhoneSimulator.Build.0 = Release|Any CPU
		{61372A87-C169-4E5B-A4D4-C9B354DEB057}.AppStore|x64.ActiveCfg = Release|Any CPU
		{61372A87-C169-4E5B-A4D4-C9B354DEB057}.AppStore|x64.Build.0 = Release|Any CPU
		{61372A87-C169-4E5B-A4D4-C9B354DEB057}.AppStore|x86.ActiveCfg = Release|Any CPU
		{61372A87-C169-4E5B-A4D4-C9B354DEB057}.AppStore|x86.Build.0 = Release|Any CPU
		{61372A87-C169-4E5B-A4D4-C9B354DEB057}.Debug|Any CPU.ActiveCfg = Debug|Any CPU
		{61372A87-C169-4E5B-A4D4-C9B354DEB057}.Debug|Any CPU.Build.0 = Debug|Any CPU
		{61372A87-C169-4E5B-A4D4-C9B354DEB057}.Debug|ARM.ActiveCfg = Debug|Any CPU
		{61372A87-C169-4E5B-A4D4-C9B354DEB057}.Debug|ARM.Build.0 = Debug|Any CPU
		{61372A87-C169-4E5B-A4D4-C9B354DEB057}.Debug|ARM64.ActiveCfg = Debug|Any CPU
		{61372A87-C169-4E5B-A4D4-C9B354DEB057}.Debug|ARM64.Build.0 = Debug|Any CPU
		{61372A87-C169-4E5B-A4D4-C9B354DEB057}.Debug|iPhone.ActiveCfg = Debug|Any CPU
		{61372A87-C169-4E5B-A4D4-C9B354DEB057}.Debug|iPhone.Build.0 = Debug|Any CPU
		{61372A87-C169-4E5B-A4D4-C9B354DEB057}.Debug|iPhoneSimulator.ActiveCfg = Debug|Any CPU
		{61372A87-C169-4E5B-A4D4-C9B354DEB057}.Debug|iPhoneSimulator.Build.0 = Debug|Any CPU
		{61372A87-C169-4E5B-A4D4-C9B354DEB057}.Debug|x64.ActiveCfg = Debug|Any CPU
		{61372A87-C169-4E5B-A4D4-C9B354DEB057}.Debug|x64.Build.0 = Debug|Any CPU
		{61372A87-C169-4E5B-A4D4-C9B354DEB057}.Debug|x86.ActiveCfg = Debug|Any CPU
		{61372A87-C169-4E5B-A4D4-C9B354DEB057}.Debug|x86.Build.0 = Debug|Any CPU
		{61372A87-C169-4E5B-A4D4-C9B354DEB057}.Release|Any CPU.ActiveCfg = Release|Any CPU
		{61372A87-C169-4E5B-A4D4-C9B354DEB057}.Release|Any CPU.Build.0 = Release|Any CPU
		{61372A87-C169-4E5B-A4D4-C9B354DEB057}.Release|ARM.ActiveCfg = Release|Any CPU
		{61372A87-C169-4E5B-A4D4-C9B354DEB057}.Release|ARM.Build.0 = Release|Any CPU
		{61372A87-C169-4E5B-A4D4-C9B354DEB057}.Release|ARM64.ActiveCfg = Release|Any CPU
		{61372A87-C169-4E5B-A4D4-C9B354DEB057}.Release|ARM64.Build.0 = Release|Any CPU
		{61372A87-C169-4E5B-A4D4-C9B354DEB057}.Release|iPhone.ActiveCfg = Release|Any CPU
		{61372A87-C169-4E5B-A4D4-C9B354DEB057}.Release|iPhone.Build.0 = Release|Any CPU
		{61372A87-C169-4E5B-A4D4-C9B354DEB057}.Release|iPhoneSimulator.ActiveCfg = Release|Any CPU
		{61372A87-C169-4E5B-A4D4-C9B354DEB057}.Release|iPhoneSimulator.Build.0 = Release|Any CPU
		{61372A87-C169-4E5B-A4D4-C9B354DEB057}.Release|x64.ActiveCfg = Release|Any CPU
		{61372A87-C169-4E5B-A4D4-C9B354DEB057}.Release|x64.Build.0 = Release|Any CPU
		{61372A87-C169-4E5B-A4D4-C9B354DEB057}.Release|x86.ActiveCfg = Release|Any CPU
		{61372A87-C169-4E5B-A4D4-C9B354DEB057}.Release|x86.Build.0 = Release|Any CPU
		{071918A0-ACFE-48FB-BA2C-945820744865}.Ad-Hoc|Any CPU.ActiveCfg = Release|Any CPU
		{071918A0-ACFE-48FB-BA2C-945820744865}.Ad-Hoc|Any CPU.Build.0 = Release|Any CPU
		{071918A0-ACFE-48FB-BA2C-945820744865}.Ad-Hoc|ARM.ActiveCfg = Release|Any CPU
		{071918A0-ACFE-48FB-BA2C-945820744865}.Ad-Hoc|ARM.Build.0 = Release|Any CPU
		{071918A0-ACFE-48FB-BA2C-945820744865}.Ad-Hoc|ARM64.ActiveCfg = Release|Any CPU
		{071918A0-ACFE-48FB-BA2C-945820744865}.Ad-Hoc|ARM64.Build.0 = Release|Any CPU
		{071918A0-ACFE-48FB-BA2C-945820744865}.Ad-Hoc|iPhone.ActiveCfg = Release|Any CPU
		{071918A0-ACFE-48FB-BA2C-945820744865}.Ad-Hoc|iPhone.Build.0 = Release|Any CPU
		{071918A0-ACFE-48FB-BA2C-945820744865}.Ad-Hoc|iPhoneSimulator.ActiveCfg = Release|Any CPU
		{071918A0-ACFE-48FB-BA2C-945820744865}.Ad-Hoc|iPhoneSimulator.Build.0 = Release|Any CPU
		{071918A0-ACFE-48FB-BA2C-945820744865}.Ad-Hoc|x64.ActiveCfg = Release|Any CPU
		{071918A0-ACFE-48FB-BA2C-945820744865}.Ad-Hoc|x64.Build.0 = Release|Any CPU
		{071918A0-ACFE-48FB-BA2C-945820744865}.Ad-Hoc|x86.ActiveCfg = Release|Any CPU
		{071918A0-ACFE-48FB-BA2C-945820744865}.Ad-Hoc|x86.Build.0 = Release|Any CPU
		{071918A0-ACFE-48FB-BA2C-945820744865}.AppStore|Any CPU.ActiveCfg = Release|Any CPU
		{071918A0-ACFE-48FB-BA2C-945820744865}.AppStore|Any CPU.Build.0 = Release|Any CPU
		{071918A0-ACFE-48FB-BA2C-945820744865}.AppStore|ARM.ActiveCfg = Release|Any CPU
		{071918A0-ACFE-48FB-BA2C-945820744865}.AppStore|ARM.Build.0 = Release|Any CPU
		{071918A0-ACFE-48FB-BA2C-945820744865}.AppStore|ARM64.ActiveCfg = Release|Any CPU
		{071918A0-ACFE-48FB-BA2C-945820744865}.AppStore|ARM64.Build.0 = Release|Any CPU
		{071918A0-ACFE-48FB-BA2C-945820744865}.AppStore|iPhone.ActiveCfg = Release|Any CPU
		{071918A0-ACFE-48FB-BA2C-945820744865}.AppStore|iPhone.Build.0 = Release|Any CPU
		{071918A0-ACFE-48FB-BA2C-945820744865}.AppStore|iPhoneSimulator.ActiveCfg = Release|Any CPU
		{071918A0-ACFE-48FB-BA2C-945820744865}.AppStore|iPhoneSimulator.Build.0 = Release|Any CPU
		{071918A0-ACFE-48FB-BA2C-945820744865}.AppStore|x64.ActiveCfg = Release|Any CPU
		{071918A0-ACFE-48FB-BA2C-945820744865}.AppStore|x64.Build.0 = Release|Any CPU
		{071918A0-ACFE-48FB-BA2C-945820744865}.AppStore|x86.ActiveCfg = Release|Any CPU
		{071918A0-ACFE-48FB-BA2C-945820744865}.AppStore|x86.Build.0 = Release|Any CPU
		{071918A0-ACFE-48FB-BA2C-945820744865}.Debug|Any CPU.ActiveCfg = Debug|Any CPU
		{071918A0-ACFE-48FB-BA2C-945820744865}.Debug|Any CPU.Build.0 = Debug|Any CPU
		{071918A0-ACFE-48FB-BA2C-945820744865}.Debug|ARM.ActiveCfg = Debug|Any CPU
		{071918A0-ACFE-48FB-BA2C-945820744865}.Debug|ARM.Build.0 = Debug|Any CPU
		{071918A0-ACFE-48FB-BA2C-945820744865}.Debug|ARM64.ActiveCfg = Debug|Any CPU
		{071918A0-ACFE-48FB-BA2C-945820744865}.Debug|ARM64.Build.0 = Debug|Any CPU
		{071918A0-ACFE-48FB-BA2C-945820744865}.Debug|iPhone.ActiveCfg = Debug|Any CPU
		{071918A0-ACFE-48FB-BA2C-945820744865}.Debug|iPhone.Build.0 = Debug|Any CPU
		{071918A0-ACFE-48FB-BA2C-945820744865}.Debug|iPhoneSimulator.ActiveCfg = Debug|Any CPU
		{071918A0-ACFE-48FB-BA2C-945820744865}.Debug|iPhoneSimulator.Build.0 = Debug|Any CPU
		{071918A0-ACFE-48FB-BA2C-945820744865}.Debug|x64.ActiveCfg = Debug|Any CPU
		{071918A0-ACFE-48FB-BA2C-945820744865}.Debug|x64.Build.0 = Debug|Any CPU
		{071918A0-ACFE-48FB-BA2C-945820744865}.Debug|x86.ActiveCfg = Debug|Any CPU
		{071918A0-ACFE-48FB-BA2C-945820744865}.Debug|x86.Build.0 = Debug|Any CPU
		{071918A0-ACFE-48FB-BA2C-945820744865}.Release|Any CPU.ActiveCfg = Release|Any CPU
		{071918A0-ACFE-48FB-BA2C-945820744865}.Release|Any CPU.Build.0 = Release|Any CPU
		{071918A0-ACFE-48FB-BA2C-945820744865}.Release|ARM.ActiveCfg = Release|Any CPU
		{071918A0-ACFE-48FB-BA2C-945820744865}.Release|ARM.Build.0 = Release|Any CPU
		{071918A0-ACFE-48FB-BA2C-945820744865}.Release|ARM64.ActiveCfg = Release|Any CPU
		{071918A0-ACFE-48FB-BA2C-945820744865}.Release|ARM64.Build.0 = Release|Any CPU
		{071918A0-ACFE-48FB-BA2C-945820744865}.Release|iPhone.ActiveCfg = Release|Any CPU
		{071918A0-ACFE-48FB-BA2C-945820744865}.Release|iPhone.Build.0 = Release|Any CPU
		{071918A0-ACFE-48FB-BA2C-945820744865}.Release|iPhoneSimulator.ActiveCfg = Release|Any CPU
		{071918A0-ACFE-48FB-BA2C-945820744865}.Release|iPhoneSimulator.Build.0 = Release|Any CPU
		{071918A0-ACFE-48FB-BA2C-945820744865}.Release|x64.ActiveCfg = Release|Any CPU
		{071918A0-ACFE-48FB-BA2C-945820744865}.Release|x64.Build.0 = Release|Any CPU
		{071918A0-ACFE-48FB-BA2C-945820744865}.Release|x86.ActiveCfg = Release|Any CPU
		{071918A0-ACFE-48FB-BA2C-945820744865}.Release|x86.Build.0 = Release|Any CPU
		{22488E0E-2851-4A91-B9A1-69752319D2B2}.Ad-Hoc|Any CPU.ActiveCfg = Release|Any CPU
		{22488E0E-2851-4A91-B9A1-69752319D2B2}.Ad-Hoc|Any CPU.Build.0 = Release|Any CPU
		{22488E0E-2851-4A91-B9A1-69752319D2B2}.Ad-Hoc|ARM.ActiveCfg = Release|Any CPU
		{22488E0E-2851-4A91-B9A1-69752319D2B2}.Ad-Hoc|ARM.Build.0 = Release|Any CPU
		{22488E0E-2851-4A91-B9A1-69752319D2B2}.Ad-Hoc|ARM64.ActiveCfg = Release|Any CPU
		{22488E0E-2851-4A91-B9A1-69752319D2B2}.Ad-Hoc|ARM64.Build.0 = Release|Any CPU
		{22488E0E-2851-4A91-B9A1-69752319D2B2}.Ad-Hoc|iPhone.ActiveCfg = Release|Any CPU
		{22488E0E-2851-4A91-B9A1-69752319D2B2}.Ad-Hoc|iPhone.Build.0 = Release|Any CPU
		{22488E0E-2851-4A91-B9A1-69752319D2B2}.Ad-Hoc|iPhoneSimulator.ActiveCfg = Release|Any CPU
		{22488E0E-2851-4A91-B9A1-69752319D2B2}.Ad-Hoc|iPhoneSimulator.Build.0 = Release|Any CPU
		{22488E0E-2851-4A91-B9A1-69752319D2B2}.Ad-Hoc|x64.ActiveCfg = Release|Any CPU
		{22488E0E-2851-4A91-B9A1-69752319D2B2}.Ad-Hoc|x64.Build.0 = Release|Any CPU
		{22488E0E-2851-4A91-B9A1-69752319D2B2}.Ad-Hoc|x86.ActiveCfg = Release|Any CPU
		{22488E0E-2851-4A91-B9A1-69752319D2B2}.Ad-Hoc|x86.Build.0 = Release|Any CPU
		{22488E0E-2851-4A91-B9A1-69752319D2B2}.AppStore|Any CPU.ActiveCfg = Release|Any CPU
		{22488E0E-2851-4A91-B9A1-69752319D2B2}.AppStore|Any CPU.Build.0 = Release|Any CPU
		{22488E0E-2851-4A91-B9A1-69752319D2B2}.AppStore|ARM.ActiveCfg = Release|Any CPU
		{22488E0E-2851-4A91-B9A1-69752319D2B2}.AppStore|ARM.Build.0 = Release|Any CPU
		{22488E0E-2851-4A91-B9A1-69752319D2B2}.AppStore|ARM64.ActiveCfg = Release|Any CPU
		{22488E0E-2851-4A91-B9A1-69752319D2B2}.AppStore|ARM64.Build.0 = Release|Any CPU
		{22488E0E-2851-4A91-B9A1-69752319D2B2}.AppStore|iPhone.ActiveCfg = Release|Any CPU
		{22488E0E-2851-4A91-B9A1-69752319D2B2}.AppStore|iPhone.Build.0 = Release|Any CPU
		{22488E0E-2851-4A91-B9A1-69752319D2B2}.AppStore|iPhoneSimulator.ActiveCfg = Release|Any CPU
		{22488E0E-2851-4A91-B9A1-69752319D2B2}.AppStore|iPhoneSimulator.Build.0 = Release|Any CPU
		{22488E0E-2851-4A91-B9A1-69752319D2B2}.AppStore|x64.ActiveCfg = Release|Any CPU
		{22488E0E-2851-4A91-B9A1-69752319D2B2}.AppStore|x64.Build.0 = Release|Any CPU
		{22488E0E-2851-4A91-B9A1-69752319D2B2}.AppStore|x86.ActiveCfg = Release|Any CPU
		{22488E0E-2851-4A91-B9A1-69752319D2B2}.AppStore|x86.Build.0 = Release|Any CPU
		{22488E0E-2851-4A91-B9A1-69752319D2B2}.Debug|Any CPU.ActiveCfg = Debug|Any CPU
		{22488E0E-2851-4A91-B9A1-69752319D2B2}.Debug|Any CPU.Build.0 = Debug|Any CPU
		{22488E0E-2851-4A91-B9A1-69752319D2B2}.Debug|ARM.ActiveCfg = Debug|Any CPU
		{22488E0E-2851-4A91-B9A1-69752319D2B2}.Debug|ARM.Build.0 = Debug|Any CPU
		{22488E0E-2851-4A91-B9A1-69752319D2B2}.Debug|ARM64.ActiveCfg = Debug|Any CPU
		{22488E0E-2851-4A91-B9A1-69752319D2B2}.Debug|ARM64.Build.0 = Debug|Any CPU
		{22488E0E-2851-4A91-B9A1-69752319D2B2}.Debug|iPhone.ActiveCfg = Debug|Any CPU
		{22488E0E-2851-4A91-B9A1-69752319D2B2}.Debug|iPhone.Build.0 = Debug|Any CPU
		{22488E0E-2851-4A91-B9A1-69752319D2B2}.Debug|iPhoneSimulator.ActiveCfg = Debug|Any CPU
		{22488E0E-2851-4A91-B9A1-69752319D2B2}.Debug|iPhoneSimulator.Build.0 = Debug|Any CPU
		{22488E0E-2851-4A91-B9A1-69752319D2B2}.Debug|x64.ActiveCfg = Debug|Any CPU
		{22488E0E-2851-4A91-B9A1-69752319D2B2}.Debug|x64.Build.0 = Debug|Any CPU
		{22488E0E-2851-4A91-B9A1-69752319D2B2}.Debug|x86.ActiveCfg = Debug|Any CPU
		{22488E0E-2851-4A91-B9A1-69752319D2B2}.Debug|x86.Build.0 = Debug|Any CPU
		{22488E0E-2851-4A91-B9A1-69752319D2B2}.Release|Any CPU.ActiveCfg = Release|Any CPU
		{22488E0E-2851-4A91-B9A1-69752319D2B2}.Release|Any CPU.Build.0 = Release|Any CPU
		{22488E0E-2851-4A91-B9A1-69752319D2B2}.Release|ARM.ActiveCfg = Release|Any CPU
		{22488E0E-2851-4A91-B9A1-69752319D2B2}.Release|ARM.Build.0 = Release|Any CPU
		{22488E0E-2851-4A91-B9A1-69752319D2B2}.Release|ARM64.ActiveCfg = Release|Any CPU
		{22488E0E-2851-4A91-B9A1-69752319D2B2}.Release|ARM64.Build.0 = Release|Any CPU
		{22488E0E-2851-4A91-B9A1-69752319D2B2}.Release|iPhone.ActiveCfg = Release|Any CPU
		{22488E0E-2851-4A91-B9A1-69752319D2B2}.Release|iPhone.Build.0 = Release|Any CPU
		{22488E0E-2851-4A91-B9A1-69752319D2B2}.Release|iPhoneSimulator.ActiveCfg = Release|Any CPU
		{22488E0E-2851-4A91-B9A1-69752319D2B2}.Release|iPhoneSimulator.Build.0 = Release|Any CPU
		{22488E0E-2851-4A91-B9A1-69752319D2B2}.Release|x64.ActiveCfg = Release|Any CPU
		{22488E0E-2851-4A91-B9A1-69752319D2B2}.Release|x64.Build.0 = Release|Any CPU
		{22488E0E-2851-4A91-B9A1-69752319D2B2}.Release|x86.ActiveCfg = Release|Any CPU
		{22488E0E-2851-4A91-B9A1-69752319D2B2}.Release|x86.Build.0 = Release|Any CPU
		{1D3D24A7-6A33-4EA5-8173-B15DDA573F10}.Ad-Hoc|Any CPU.ActiveCfg = Release|Any CPU
		{1D3D24A7-6A33-4EA5-8173-B15DDA573F10}.Ad-Hoc|Any CPU.Build.0 = Release|Any CPU
		{1D3D24A7-6A33-4EA5-8173-B15DDA573F10}.Ad-Hoc|ARM.ActiveCfg = Release|Any CPU
		{1D3D24A7-6A33-4EA5-8173-B15DDA573F10}.Ad-Hoc|ARM.Build.0 = Release|Any CPU
		{1D3D24A7-6A33-4EA5-8173-B15DDA573F10}.Ad-Hoc|ARM64.ActiveCfg = Release|Any CPU
		{1D3D24A7-6A33-4EA5-8173-B15DDA573F10}.Ad-Hoc|ARM64.Build.0 = Release|Any CPU
		{1D3D24A7-6A33-4EA5-8173-B15DDA573F10}.Ad-Hoc|iPhone.ActiveCfg = Release|Any CPU
		{1D3D24A7-6A33-4EA5-8173-B15DDA573F10}.Ad-Hoc|iPhone.Build.0 = Release|Any CPU
		{1D3D24A7-6A33-4EA5-8173-B15DDA573F10}.Ad-Hoc|iPhoneSimulator.ActiveCfg = Release|Any CPU
		{1D3D24A7-6A33-4EA5-8173-B15DDA573F10}.Ad-Hoc|iPhoneSimulator.Build.0 = Release|Any CPU
		{1D3D24A7-6A33-4EA5-8173-B15DDA573F10}.Ad-Hoc|x64.ActiveCfg = Release|Any CPU
		{1D3D24A7-6A33-4EA5-8173-B15DDA573F10}.Ad-Hoc|x64.Build.0 = Release|Any CPU
		{1D3D24A7-6A33-4EA5-8173-B15DDA573F10}.Ad-Hoc|x86.ActiveCfg = Release|Any CPU
		{1D3D24A7-6A33-4EA5-8173-B15DDA573F10}.Ad-Hoc|x86.Build.0 = Release|Any CPU
		{1D3D24A7-6A33-4EA5-8173-B15DDA573F10}.AppStore|Any CPU.ActiveCfg = Release|Any CPU
		{1D3D24A7-6A33-4EA5-8173-B15DDA573F10}.AppStore|Any CPU.Build.0 = Release|Any CPU
		{1D3D24A7-6A33-4EA5-8173-B15DDA573F10}.AppStore|ARM.ActiveCfg = Release|Any CPU
		{1D3D24A7-6A33-4EA5-8173-B15DDA573F10}.AppStore|ARM.Build.0 = Release|Any CPU
		{1D3D24A7-6A33-4EA5-8173-B15DDA573F10}.AppStore|ARM64.ActiveCfg = Release|Any CPU
		{1D3D24A7-6A33-4EA5-8173-B15DDA573F10}.AppStore|ARM64.Build.0 = Release|Any CPU
		{1D3D24A7-6A33-4EA5-8173-B15DDA573F10}.AppStore|iPhone.ActiveCfg = Release|Any CPU
		{1D3D24A7-6A33-4EA5-8173-B15DDA573F10}.AppStore|iPhone.Build.0 = Release|Any CPU
		{1D3D24A7-6A33-4EA5-8173-B15DDA573F10}.AppStore|iPhoneSimulator.ActiveCfg = Release|Any CPU
		{1D3D24A7-6A33-4EA5-8173-B15DDA573F10}.AppStore|iPhoneSimulator.Build.0 = Release|Any CPU
		{1D3D24A7-6A33-4EA5-8173-B15DDA573F10}.AppStore|x64.ActiveCfg = Release|Any CPU
		{1D3D24A7-6A33-4EA5-8173-B15DDA573F10}.AppStore|x64.Build.0 = Release|Any CPU
		{1D3D24A7-6A33-4EA5-8173-B15DDA573F10}.AppStore|x86.ActiveCfg = Release|Any CPU
		{1D3D24A7-6A33-4EA5-8173-B15DDA573F10}.AppStore|x86.Build.0 = Release|Any CPU
		{1D3D24A7-6A33-4EA5-8173-B15DDA573F10}.Debug|Any CPU.ActiveCfg = Debug|Any CPU
		{1D3D24A7-6A33-4EA5-8173-B15DDA573F10}.Debug|Any CPU.Build.0 = Debug|Any CPU
		{1D3D24A7-6A33-4EA5-8173-B15DDA573F10}.Debug|ARM.ActiveCfg = Debug|Any CPU
		{1D3D24A7-6A33-4EA5-8173-B15DDA573F10}.Debug|ARM.Build.0 = Debug|Any CPU
		{1D3D24A7-6A33-4EA5-8173-B15DDA573F10}.Debug|ARM64.ActiveCfg = Debug|Any CPU
		{1D3D24A7-6A33-4EA5-8173-B15DDA573F10}.Debug|ARM64.Build.0 = Debug|Any CPU
		{1D3D24A7-6A33-4EA5-8173-B15DDA573F10}.Debug|iPhone.ActiveCfg = Debug|Any CPU
		{1D3D24A7-6A33-4EA5-8173-B15DDA573F10}.Debug|iPhone.Build.0 = Debug|Any CPU
		{1D3D24A7-6A33-4EA5-8173-B15DDA573F10}.Debug|iPhoneSimulator.ActiveCfg = Debug|Any CPU
		{1D3D24A7-6A33-4EA5-8173-B15DDA573F10}.Debug|iPhoneSimulator.Build.0 = Debug|Any CPU
		{1D3D24A7-6A33-4EA5-8173-B15DDA573F10}.Debug|x64.ActiveCfg = Debug|Any CPU
		{1D3D24A7-6A33-4EA5-8173-B15DDA573F10}.Debug|x64.Build.0 = Debug|Any CPU
		{1D3D24A7-6A33-4EA5-8173-B15DDA573F10}.Debug|x86.ActiveCfg = Debug|Any CPU
		{1D3D24A7-6A33-4EA5-8173-B15DDA573F10}.Debug|x86.Build.0 = Debug|Any CPU
		{1D3D24A7-6A33-4EA5-8173-B15DDA573F10}.Release|Any CPU.ActiveCfg = Release|Any CPU
		{1D3D24A7-6A33-4EA5-8173-B15DDA573F10}.Release|Any CPU.Build.0 = Release|Any CPU
		{1D3D24A7-6A33-4EA5-8173-B15DDA573F10}.Release|ARM.ActiveCfg = Release|Any CPU
		{1D3D24A7-6A33-4EA5-8173-B15DDA573F10}.Release|ARM.Build.0 = Release|Any CPU
		{1D3D24A7-6A33-4EA5-8173-B15DDA573F10}.Release|ARM64.ActiveCfg = Release|Any CPU
		{1D3D24A7-6A33-4EA5-8173-B15DDA573F10}.Release|ARM64.Build.0 = Release|Any CPU
		{1D3D24A7-6A33-4EA5-8173-B15DDA573F10}.Release|iPhone.ActiveCfg = Release|Any CPU
		{1D3D24A7-6A33-4EA5-8173-B15DDA573F10}.Release|iPhone.Build.0 = Release|Any CPU
		{1D3D24A7-6A33-4EA5-8173-B15DDA573F10}.Release|iPhoneSimulator.ActiveCfg = Release|Any CPU
		{1D3D24A7-6A33-4EA5-8173-B15DDA573F10}.Release|iPhoneSimulator.Build.0 = Release|Any CPU
		{1D3D24A7-6A33-4EA5-8173-B15DDA573F10}.Release|x64.ActiveCfg = Release|Any CPU
		{1D3D24A7-6A33-4EA5-8173-B15DDA573F10}.Release|x64.Build.0 = Release|Any CPU
		{1D3D24A7-6A33-4EA5-8173-B15DDA573F10}.Release|x86.ActiveCfg = Release|Any CPU
		{1D3D24A7-6A33-4EA5-8173-B15DDA573F10}.Release|x86.Build.0 = Release|Any CPU
		{2C81580F-151C-4A8F-90E3-38A063A5337D}.Ad-Hoc|Any CPU.ActiveCfg = Release|Any CPU
		{2C81580F-151C-4A8F-90E3-38A063A5337D}.Ad-Hoc|Any CPU.Build.0 = Release|Any CPU
		{2C81580F-151C-4A8F-90E3-38A063A5337D}.Ad-Hoc|ARM.ActiveCfg = Release|Any CPU
		{2C81580F-151C-4A8F-90E3-38A063A5337D}.Ad-Hoc|ARM.Build.0 = Release|Any CPU
		{2C81580F-151C-4A8F-90E3-38A063A5337D}.Ad-Hoc|ARM64.ActiveCfg = Release|Any CPU
		{2C81580F-151C-4A8F-90E3-38A063A5337D}.Ad-Hoc|ARM64.Build.0 = Release|Any CPU
		{2C81580F-151C-4A8F-90E3-38A063A5337D}.Ad-Hoc|iPhone.ActiveCfg = Release|Any CPU
		{2C81580F-151C-4A8F-90E3-38A063A5337D}.Ad-Hoc|iPhone.Build.0 = Release|Any CPU
		{2C81580F-151C-4A8F-90E3-38A063A5337D}.Ad-Hoc|iPhoneSimulator.ActiveCfg = Release|Any CPU
		{2C81580F-151C-4A8F-90E3-38A063A5337D}.Ad-Hoc|iPhoneSimulator.Build.0 = Release|Any CPU
		{2C81580F-151C-4A8F-90E3-38A063A5337D}.Ad-Hoc|x64.ActiveCfg = Release|Any CPU
		{2C81580F-151C-4A8F-90E3-38A063A5337D}.Ad-Hoc|x64.Build.0 = Release|Any CPU
		{2C81580F-151C-4A8F-90E3-38A063A5337D}.Ad-Hoc|x86.ActiveCfg = Release|Any CPU
		{2C81580F-151C-4A8F-90E3-38A063A5337D}.Ad-Hoc|x86.Build.0 = Release|Any CPU
		{2C81580F-151C-4A8F-90E3-38A063A5337D}.AppStore|Any CPU.ActiveCfg = Release|Any CPU
		{2C81580F-151C-4A8F-90E3-38A063A5337D}.AppStore|Any CPU.Build.0 = Release|Any CPU
		{2C81580F-151C-4A8F-90E3-38A063A5337D}.AppStore|ARM.ActiveCfg = Release|Any CPU
		{2C81580F-151C-4A8F-90E3-38A063A5337D}.AppStore|ARM.Build.0 = Release|Any CPU
		{2C81580F-151C-4A8F-90E3-38A063A5337D}.AppStore|ARM64.ActiveCfg = Release|Any CPU
		{2C81580F-151C-4A8F-90E3-38A063A5337D}.AppStore|ARM64.Build.0 = Release|Any CPU
		{2C81580F-151C-4A8F-90E3-38A063A5337D}.AppStore|iPhone.ActiveCfg = Release|Any CPU
		{2C81580F-151C-4A8F-90E3-38A063A5337D}.AppStore|iPhone.Build.0 = Release|Any CPU
		{2C81580F-151C-4A8F-90E3-38A063A5337D}.AppStore|iPhoneSimulator.ActiveCfg = Release|Any CPU
		{2C81580F-151C-4A8F-90E3-38A063A5337D}.AppStore|iPhoneSimulator.Build.0 = Release|Any CPU
		{2C81580F-151C-4A8F-90E3-38A063A5337D}.AppStore|x64.ActiveCfg = Release|Any CPU
		{2C81580F-151C-4A8F-90E3-38A063A5337D}.AppStore|x64.Build.0 = Release|Any CPU
		{2C81580F-151C-4A8F-90E3-38A063A5337D}.AppStore|x86.ActiveCfg = Release|Any CPU
		{2C81580F-151C-4A8F-90E3-38A063A5337D}.AppStore|x86.Build.0 = Release|Any CPU
		{2C81580F-151C-4A8F-90E3-38A063A5337D}.Debug|Any CPU.ActiveCfg = Debug|Any CPU
		{2C81580F-151C-4A8F-90E3-38A063A5337D}.Debug|Any CPU.Build.0 = Debug|Any CPU
		{2C81580F-151C-4A8F-90E3-38A063A5337D}.Debug|ARM.ActiveCfg = Debug|Any CPU
		{2C81580F-151C-4A8F-90E3-38A063A5337D}.Debug|ARM.Build.0 = Debug|Any CPU
		{2C81580F-151C-4A8F-90E3-38A063A5337D}.Debug|ARM64.ActiveCfg = Debug|Any CPU
		{2C81580F-151C-4A8F-90E3-38A063A5337D}.Debug|ARM64.Build.0 = Debug|Any CPU
		{2C81580F-151C-4A8F-90E3-38A063A5337D}.Debug|iPhone.ActiveCfg = Debug|Any CPU
		{2C81580F-151C-4A8F-90E3-38A063A5337D}.Debug|iPhone.Build.0 = Debug|Any CPU
		{2C81580F-151C-4A8F-90E3-38A063A5337D}.Debug|iPhoneSimulator.ActiveCfg = Debug|Any CPU
		{2C81580F-151C-4A8F-90E3-38A063A5337D}.Debug|iPhoneSimulator.Build.0 = Debug|Any CPU
		{2C81580F-151C-4A8F-90E3-38A063A5337D}.Debug|x64.ActiveCfg = Debug|Any CPU
		{2C81580F-151C-4A8F-90E3-38A063A5337D}.Debug|x64.Build.0 = Debug|Any CPU
		{2C81580F-151C-4A8F-90E3-38A063A5337D}.Debug|x86.ActiveCfg = Debug|Any CPU
		{2C81580F-151C-4A8F-90E3-38A063A5337D}.Debug|x86.Build.0 = Debug|Any CPU
		{2C81580F-151C-4A8F-90E3-38A063A5337D}.Release|Any CPU.ActiveCfg = Release|Any CPU
		{2C81580F-151C-4A8F-90E3-38A063A5337D}.Release|Any CPU.Build.0 = Release|Any CPU
		{2C81580F-151C-4A8F-90E3-38A063A5337D}.Release|ARM.ActiveCfg = Release|Any CPU
		{2C81580F-151C-4A8F-90E3-38A063A5337D}.Release|ARM.Build.0 = Release|Any CPU
		{2C81580F-151C-4A8F-90E3-38A063A5337D}.Release|ARM64.ActiveCfg = Release|Any CPU
		{2C81580F-151C-4A8F-90E3-38A063A5337D}.Release|ARM64.Build.0 = Release|Any CPU
		{2C81580F-151C-4A8F-90E3-38A063A5337D}.Release|iPhone.ActiveCfg = Release|Any CPU
		{2C81580F-151C-4A8F-90E3-38A063A5337D}.Release|iPhone.Build.0 = Release|Any CPU
		{2C81580F-151C-4A8F-90E3-38A063A5337D}.Release|iPhoneSimulator.ActiveCfg = Release|Any CPU
		{2C81580F-151C-4A8F-90E3-38A063A5337D}.Release|iPhoneSimulator.Build.0 = Release|Any CPU
		{2C81580F-151C-4A8F-90E3-38A063A5337D}.Release|x64.ActiveCfg = Release|Any CPU
		{2C81580F-151C-4A8F-90E3-38A063A5337D}.Release|x64.Build.0 = Release|Any CPU
		{2C81580F-151C-4A8F-90E3-38A063A5337D}.Release|x86.ActiveCfg = Release|Any CPU
		{2C81580F-151C-4A8F-90E3-38A063A5337D}.Release|x86.Build.0 = Release|Any CPU
		{7258DCF7-2AD5-47E0-9429-CF058EB2C1B8}.Ad-Hoc|Any CPU.ActiveCfg = Release|Any CPU
		{7258DCF7-2AD5-47E0-9429-CF058EB2C1B8}.Ad-Hoc|Any CPU.Build.0 = Release|Any CPU
		{7258DCF7-2AD5-47E0-9429-CF058EB2C1B8}.Ad-Hoc|ARM.ActiveCfg = Release|Any CPU
		{7258DCF7-2AD5-47E0-9429-CF058EB2C1B8}.Ad-Hoc|ARM.Build.0 = Release|Any CPU
		{7258DCF7-2AD5-47E0-9429-CF058EB2C1B8}.Ad-Hoc|ARM64.ActiveCfg = Release|Any CPU
		{7258DCF7-2AD5-47E0-9429-CF058EB2C1B8}.Ad-Hoc|ARM64.Build.0 = Release|Any CPU
		{7258DCF7-2AD5-47E0-9429-CF058EB2C1B8}.Ad-Hoc|iPhone.ActiveCfg = Release|Any CPU
		{7258DCF7-2AD5-47E0-9429-CF058EB2C1B8}.Ad-Hoc|iPhone.Build.0 = Release|Any CPU
		{7258DCF7-2AD5-47E0-9429-CF058EB2C1B8}.Ad-Hoc|iPhoneSimulator.ActiveCfg = Release|Any CPU
		{7258DCF7-2AD5-47E0-9429-CF058EB2C1B8}.Ad-Hoc|iPhoneSimulator.Build.0 = Release|Any CPU
		{7258DCF7-2AD5-47E0-9429-CF058EB2C1B8}.Ad-Hoc|x64.ActiveCfg = Release|Any CPU
		{7258DCF7-2AD5-47E0-9429-CF058EB2C1B8}.Ad-Hoc|x64.Build.0 = Release|Any CPU
		{7258DCF7-2AD5-47E0-9429-CF058EB2C1B8}.Ad-Hoc|x86.ActiveCfg = Release|Any CPU
		{7258DCF7-2AD5-47E0-9429-CF058EB2C1B8}.Ad-Hoc|x86.Build.0 = Release|Any CPU
		{7258DCF7-2AD5-47E0-9429-CF058EB2C1B8}.AppStore|Any CPU.ActiveCfg = Release|Any CPU
		{7258DCF7-2AD5-47E0-9429-CF058EB2C1B8}.AppStore|Any CPU.Build.0 = Release|Any CPU
		{7258DCF7-2AD5-47E0-9429-CF058EB2C1B8}.AppStore|ARM.ActiveCfg = Release|Any CPU
		{7258DCF7-2AD5-47E0-9429-CF058EB2C1B8}.AppStore|ARM.Build.0 = Release|Any CPU
		{7258DCF7-2AD5-47E0-9429-CF058EB2C1B8}.AppStore|ARM64.ActiveCfg = Release|Any CPU
		{7258DCF7-2AD5-47E0-9429-CF058EB2C1B8}.AppStore|ARM64.Build.0 = Release|Any CPU
		{7258DCF7-2AD5-47E0-9429-CF058EB2C1B8}.AppStore|iPhone.ActiveCfg = Release|Any CPU
		{7258DCF7-2AD5-47E0-9429-CF058EB2C1B8}.AppStore|iPhone.Build.0 = Release|Any CPU
		{7258DCF7-2AD5-47E0-9429-CF058EB2C1B8}.AppStore|iPhoneSimulator.ActiveCfg = Release|Any CPU
		{7258DCF7-2AD5-47E0-9429-CF058EB2C1B8}.AppStore|iPhoneSimulator.Build.0 = Release|Any CPU
		{7258DCF7-2AD5-47E0-9429-CF058EB2C1B8}.AppStore|x64.ActiveCfg = Release|Any CPU
		{7258DCF7-2AD5-47E0-9429-CF058EB2C1B8}.AppStore|x64.Build.0 = Release|Any CPU
		{7258DCF7-2AD5-47E0-9429-CF058EB2C1B8}.AppStore|x86.ActiveCfg = Release|Any CPU
		{7258DCF7-2AD5-47E0-9429-CF058EB2C1B8}.AppStore|x86.Build.0 = Release|Any CPU
		{7258DCF7-2AD5-47E0-9429-CF058EB2C1B8}.Debug|Any CPU.ActiveCfg = Debug|Any CPU
		{7258DCF7-2AD5-47E0-9429-CF058EB2C1B8}.Debug|Any CPU.Build.0 = Debug|Any CPU
		{7258DCF7-2AD5-47E0-9429-CF058EB2C1B8}.Debug|ARM.ActiveCfg = Debug|Any CPU
		{7258DCF7-2AD5-47E0-9429-CF058EB2C1B8}.Debug|ARM.Build.0 = Debug|Any CPU
		{7258DCF7-2AD5-47E0-9429-CF058EB2C1B8}.Debug|ARM64.ActiveCfg = Debug|Any CPU
		{7258DCF7-2AD5-47E0-9429-CF058EB2C1B8}.Debug|ARM64.Build.0 = Debug|Any CPU
		{7258DCF7-2AD5-47E0-9429-CF058EB2C1B8}.Debug|iPhone.ActiveCfg = Debug|Any CPU
		{7258DCF7-2AD5-47E0-9429-CF058EB2C1B8}.Debug|iPhone.Build.0 = Debug|Any CPU
		{7258DCF7-2AD5-47E0-9429-CF058EB2C1B8}.Debug|iPhoneSimulator.ActiveCfg = Debug|Any CPU
		{7258DCF7-2AD5-47E0-9429-CF058EB2C1B8}.Debug|iPhoneSimulator.Build.0 = Debug|Any CPU
		{7258DCF7-2AD5-47E0-9429-CF058EB2C1B8}.Debug|x64.ActiveCfg = Debug|Any CPU
		{7258DCF7-2AD5-47E0-9429-CF058EB2C1B8}.Debug|x64.Build.0 = Debug|Any CPU
		{7258DCF7-2AD5-47E0-9429-CF058EB2C1B8}.Debug|x86.ActiveCfg = Debug|Any CPU
		{7258DCF7-2AD5-47E0-9429-CF058EB2C1B8}.Debug|x86.Build.0 = Debug|Any CPU
		{7258DCF7-2AD5-47E0-9429-CF058EB2C1B8}.Release|Any CPU.ActiveCfg = Release|Any CPU
		{7258DCF7-2AD5-47E0-9429-CF058EB2C1B8}.Release|Any CPU.Build.0 = Release|Any CPU
		{7258DCF7-2AD5-47E0-9429-CF058EB2C1B8}.Release|ARM.ActiveCfg = Release|Any CPU
		{7258DCF7-2AD5-47E0-9429-CF058EB2C1B8}.Release|ARM.Build.0 = Release|Any CPU
		{7258DCF7-2AD5-47E0-9429-CF058EB2C1B8}.Release|ARM64.ActiveCfg = Release|Any CPU
		{7258DCF7-2AD5-47E0-9429-CF058EB2C1B8}.Release|ARM64.Build.0 = Release|Any CPU
		{7258DCF7-2AD5-47E0-9429-CF058EB2C1B8}.Release|iPhone.ActiveCfg = Release|Any CPU
		{7258DCF7-2AD5-47E0-9429-CF058EB2C1B8}.Release|iPhone.Build.0 = Release|Any CPU
		{7258DCF7-2AD5-47E0-9429-CF058EB2C1B8}.Release|iPhoneSimulator.ActiveCfg = Release|Any CPU
		{7258DCF7-2AD5-47E0-9429-CF058EB2C1B8}.Release|iPhoneSimulator.Build.0 = Release|Any CPU
		{7258DCF7-2AD5-47E0-9429-CF058EB2C1B8}.Release|x64.ActiveCfg = Release|Any CPU
		{7258DCF7-2AD5-47E0-9429-CF058EB2C1B8}.Release|x64.Build.0 = Release|Any CPU
		{7258DCF7-2AD5-47E0-9429-CF058EB2C1B8}.Release|x86.ActiveCfg = Release|Any CPU
		{7258DCF7-2AD5-47E0-9429-CF058EB2C1B8}.Release|x86.Build.0 = Release|Any CPU
		{D3A0D563-7CFA-43C9-B03F-42A917C4D665}.Ad-Hoc|Any CPU.ActiveCfg = Release|Any CPU
		{D3A0D563-7CFA-43C9-B03F-42A917C4D665}.Ad-Hoc|Any CPU.Build.0 = Release|Any CPU
		{D3A0D563-7CFA-43C9-B03F-42A917C4D665}.Ad-Hoc|ARM.ActiveCfg = Release|Any CPU
		{D3A0D563-7CFA-43C9-B03F-42A917C4D665}.Ad-Hoc|ARM.Build.0 = Release|Any CPU
		{D3A0D563-7CFA-43C9-B03F-42A917C4D665}.Ad-Hoc|ARM64.ActiveCfg = Release|Any CPU
		{D3A0D563-7CFA-43C9-B03F-42A917C4D665}.Ad-Hoc|ARM64.Build.0 = Release|Any CPU
		{D3A0D563-7CFA-43C9-B03F-42A917C4D665}.Ad-Hoc|iPhone.ActiveCfg = Release|Any CPU
		{D3A0D563-7CFA-43C9-B03F-42A917C4D665}.Ad-Hoc|iPhone.Build.0 = Release|Any CPU
		{D3A0D563-7CFA-43C9-B03F-42A917C4D665}.Ad-Hoc|iPhoneSimulator.ActiveCfg = Release|Any CPU
		{D3A0D563-7CFA-43C9-B03F-42A917C4D665}.Ad-Hoc|iPhoneSimulator.Build.0 = Release|Any CPU
		{D3A0D563-7CFA-43C9-B03F-42A917C4D665}.Ad-Hoc|x64.ActiveCfg = Release|Any CPU
		{D3A0D563-7CFA-43C9-B03F-42A917C4D665}.Ad-Hoc|x64.Build.0 = Release|Any CPU
		{D3A0D563-7CFA-43C9-B03F-42A917C4D665}.Ad-Hoc|x86.ActiveCfg = Release|Any CPU
		{D3A0D563-7CFA-43C9-B03F-42A917C4D665}.Ad-Hoc|x86.Build.0 = Release|Any CPU
		{D3A0D563-7CFA-43C9-B03F-42A917C4D665}.AppStore|Any CPU.ActiveCfg = Release|Any CPU
		{D3A0D563-7CFA-43C9-B03F-42A917C4D665}.AppStore|Any CPU.Build.0 = Release|Any CPU
		{D3A0D563-7CFA-43C9-B03F-42A917C4D665}.AppStore|ARM.ActiveCfg = Release|Any CPU
		{D3A0D563-7CFA-43C9-B03F-42A917C4D665}.AppStore|ARM.Build.0 = Release|Any CPU
		{D3A0D563-7CFA-43C9-B03F-42A917C4D665}.AppStore|ARM64.ActiveCfg = Release|Any CPU
		{D3A0D563-7CFA-43C9-B03F-42A917C4D665}.AppStore|ARM64.Build.0 = Release|Any CPU
		{D3A0D563-7CFA-43C9-B03F-42A917C4D665}.AppStore|iPhone.ActiveCfg = Release|Any CPU
		{D3A0D563-7CFA-43C9-B03F-42A917C4D665}.AppStore|iPhone.Build.0 = Release|Any CPU
		{D3A0D563-7CFA-43C9-B03F-42A917C4D665}.AppStore|iPhoneSimulator.ActiveCfg = Release|Any CPU
		{D3A0D563-7CFA-43C9-B03F-42A917C4D665}.AppStore|iPhoneSimulator.Build.0 = Release|Any CPU
		{D3A0D563-7CFA-43C9-B03F-42A917C4D665}.AppStore|x64.ActiveCfg = Release|Any CPU
		{D3A0D563-7CFA-43C9-B03F-42A917C4D665}.AppStore|x64.Build.0 = Release|Any CPU
		{D3A0D563-7CFA-43C9-B03F-42A917C4D665}.AppStore|x86.ActiveCfg = Release|Any CPU
		{D3A0D563-7CFA-43C9-B03F-42A917C4D665}.AppStore|x86.Build.0 = Release|Any CPU
		{D3A0D563-7CFA-43C9-B03F-42A917C4D665}.Debug|Any CPU.ActiveCfg = Debug|Any CPU
		{D3A0D563-7CFA-43C9-B03F-42A917C4D665}.Debug|Any CPU.Build.0 = Debug|Any CPU
		{D3A0D563-7CFA-43C9-B03F-42A917C4D665}.Debug|ARM.ActiveCfg = Debug|Any CPU
		{D3A0D563-7CFA-43C9-B03F-42A917C4D665}.Debug|ARM.Build.0 = Debug|Any CPU
		{D3A0D563-7CFA-43C9-B03F-42A917C4D665}.Debug|ARM64.ActiveCfg = Debug|Any CPU
		{D3A0D563-7CFA-43C9-B03F-42A917C4D665}.Debug|ARM64.Build.0 = Debug|Any CPU
		{D3A0D563-7CFA-43C9-B03F-42A917C4D665}.Debug|iPhone.ActiveCfg = Debug|Any CPU
		{D3A0D563-7CFA-43C9-B03F-42A917C4D665}.Debug|iPhone.Build.0 = Debug|Any CPU
		{D3A0D563-7CFA-43C9-B03F-42A917C4D665}.Debug|iPhoneSimulator.ActiveCfg = Debug|Any CPU
		{D3A0D563-7CFA-43C9-B03F-42A917C4D665}.Debug|iPhoneSimulator.Build.0 = Debug|Any CPU
		{D3A0D563-7CFA-43C9-B03F-42A917C4D665}.Debug|x64.ActiveCfg = Debug|Any CPU
		{D3A0D563-7CFA-43C9-B03F-42A917C4D665}.Debug|x64.Build.0 = Debug|Any CPU
		{D3A0D563-7CFA-43C9-B03F-42A917C4D665}.Debug|x86.ActiveCfg = Debug|Any CPU
		{D3A0D563-7CFA-43C9-B03F-42A917C4D665}.Debug|x86.Build.0 = Debug|Any CPU
		{D3A0D563-7CFA-43C9-B03F-42A917C4D665}.Release|Any CPU.ActiveCfg = Release|Any CPU
		{D3A0D563-7CFA-43C9-B03F-42A917C4D665}.Release|Any CPU.Build.0 = Release|Any CPU
		{D3A0D563-7CFA-43C9-B03F-42A917C4D665}.Release|ARM.ActiveCfg = Release|Any CPU
		{D3A0D563-7CFA-43C9-B03F-42A917C4D665}.Release|ARM.Build.0 = Release|Any CPU
		{D3A0D563-7CFA-43C9-B03F-42A917C4D665}.Release|ARM64.ActiveCfg = Release|Any CPU
		{D3A0D563-7CFA-43C9-B03F-42A917C4D665}.Release|ARM64.Build.0 = Release|Any CPU
		{D3A0D563-7CFA-43C9-B03F-42A917C4D665}.Release|iPhone.ActiveCfg = Release|Any CPU
		{D3A0D563-7CFA-43C9-B03F-42A917C4D665}.Release|iPhone.Build.0 = Release|Any CPU
		{D3A0D563-7CFA-43C9-B03F-42A917C4D665}.Release|iPhoneSimulator.ActiveCfg = Release|Any CPU
		{D3A0D563-7CFA-43C9-B03F-42A917C4D665}.Release|iPhoneSimulator.Build.0 = Release|Any CPU
		{D3A0D563-7CFA-43C9-B03F-42A917C4D665}.Release|x64.ActiveCfg = Release|Any CPU
		{D3A0D563-7CFA-43C9-B03F-42A917C4D665}.Release|x64.Build.0 = Release|Any CPU
		{D3A0D563-7CFA-43C9-B03F-42A917C4D665}.Release|x86.ActiveCfg = Release|Any CPU
		{D3A0D563-7CFA-43C9-B03F-42A917C4D665}.Release|x86.Build.0 = Release|Any CPU
		{9BCFDFC8-8A87-4D2A-AA3A-0AFBB31C8C30}.Ad-Hoc|Any CPU.ActiveCfg = Release|Any CPU
		{9BCFDFC8-8A87-4D2A-AA3A-0AFBB31C8C30}.Ad-Hoc|Any CPU.Build.0 = Release|Any CPU
		{9BCFDFC8-8A87-4D2A-AA3A-0AFBB31C8C30}.Ad-Hoc|ARM.ActiveCfg = Release|Any CPU
		{9BCFDFC8-8A87-4D2A-AA3A-0AFBB31C8C30}.Ad-Hoc|ARM.Build.0 = Release|Any CPU
		{9BCFDFC8-8A87-4D2A-AA3A-0AFBB31C8C30}.Ad-Hoc|ARM64.ActiveCfg = Release|Any CPU
		{9BCFDFC8-8A87-4D2A-AA3A-0AFBB31C8C30}.Ad-Hoc|ARM64.Build.0 = Release|Any CPU
		{9BCFDFC8-8A87-4D2A-AA3A-0AFBB31C8C30}.Ad-Hoc|iPhone.ActiveCfg = Release|Any CPU
		{9BCFDFC8-8A87-4D2A-AA3A-0AFBB31C8C30}.Ad-Hoc|iPhone.Build.0 = Release|Any CPU
		{9BCFDFC8-8A87-4D2A-AA3A-0AFBB31C8C30}.Ad-Hoc|iPhoneSimulator.ActiveCfg = Release|Any CPU
		{9BCFDFC8-8A87-4D2A-AA3A-0AFBB31C8C30}.Ad-Hoc|iPhoneSimulator.Build.0 = Release|Any CPU
		{9BCFDFC8-8A87-4D2A-AA3A-0AFBB31C8C30}.Ad-Hoc|x64.ActiveCfg = Release|Any CPU
		{9BCFDFC8-8A87-4D2A-AA3A-0AFBB31C8C30}.Ad-Hoc|x64.Build.0 = Release|Any CPU
		{9BCFDFC8-8A87-4D2A-AA3A-0AFBB31C8C30}.Ad-Hoc|x86.ActiveCfg = Release|Any CPU
		{9BCFDFC8-8A87-4D2A-AA3A-0AFBB31C8C30}.Ad-Hoc|x86.Build.0 = Release|Any CPU
		{9BCFDFC8-8A87-4D2A-AA3A-0AFBB31C8C30}.AppStore|Any CPU.ActiveCfg = Release|Any CPU
		{9BCFDFC8-8A87-4D2A-AA3A-0AFBB31C8C30}.AppStore|Any CPU.Build.0 = Release|Any CPU
		{9BCFDFC8-8A87-4D2A-AA3A-0AFBB31C8C30}.AppStore|ARM.ActiveCfg = Release|Any CPU
		{9BCFDFC8-8A87-4D2A-AA3A-0AFBB31C8C30}.AppStore|ARM.Build.0 = Release|Any CPU
		{9BCFDFC8-8A87-4D2A-AA3A-0AFBB31C8C30}.AppStore|ARM64.ActiveCfg = Release|Any CPU
		{9BCFDFC8-8A87-4D2A-AA3A-0AFBB31C8C30}.AppStore|ARM64.Build.0 = Release|Any CPU
		{9BCFDFC8-8A87-4D2A-AA3A-0AFBB31C8C30}.AppStore|iPhone.ActiveCfg = Release|Any CPU
		{9BCFDFC8-8A87-4D2A-AA3A-0AFBB31C8C30}.AppStore|iPhone.Build.0 = Release|Any CPU
		{9BCFDFC8-8A87-4D2A-AA3A-0AFBB31C8C30}.AppStore|iPhoneSimulator.ActiveCfg = Release|Any CPU
		{9BCFDFC8-8A87-4D2A-AA3A-0AFBB31C8C30}.AppStore|iPhoneSimulator.Build.0 = Release|Any CPU
		{9BCFDFC8-8A87-4D2A-AA3A-0AFBB31C8C30}.AppStore|x64.ActiveCfg = Release|Any CPU
		{9BCFDFC8-8A87-4D2A-AA3A-0AFBB31C8C30}.AppStore|x64.Build.0 = Release|Any CPU
		{9BCFDFC8-8A87-4D2A-AA3A-0AFBB31C8C30}.AppStore|x86.ActiveCfg = Release|Any CPU
		{9BCFDFC8-8A87-4D2A-AA3A-0AFBB31C8C30}.AppStore|x86.Build.0 = Release|Any CPU
		{9BCFDFC8-8A87-4D2A-AA3A-0AFBB31C8C30}.Debug|Any CPU.ActiveCfg = Debug|Any CPU
		{9BCFDFC8-8A87-4D2A-AA3A-0AFBB31C8C30}.Debug|Any CPU.Build.0 = Debug|Any CPU
		{9BCFDFC8-8A87-4D2A-AA3A-0AFBB31C8C30}.Debug|ARM.ActiveCfg = Debug|Any CPU
		{9BCFDFC8-8A87-4D2A-AA3A-0AFBB31C8C30}.Debug|ARM.Build.0 = Debug|Any CPU
		{9BCFDFC8-8A87-4D2A-AA3A-0AFBB31C8C30}.Debug|ARM64.ActiveCfg = Debug|Any CPU
		{9BCFDFC8-8A87-4D2A-AA3A-0AFBB31C8C30}.Debug|ARM64.Build.0 = Debug|Any CPU
		{9BCFDFC8-8A87-4D2A-AA3A-0AFBB31C8C30}.Debug|iPhone.ActiveCfg = Debug|Any CPU
		{9BCFDFC8-8A87-4D2A-AA3A-0AFBB31C8C30}.Debug|iPhone.Build.0 = Debug|Any CPU
		{9BCFDFC8-8A87-4D2A-AA3A-0AFBB31C8C30}.Debug|iPhoneSimulator.ActiveCfg = Debug|Any CPU
		{9BCFDFC8-8A87-4D2A-AA3A-0AFBB31C8C30}.Debug|iPhoneSimulator.Build.0 = Debug|Any CPU
		{9BCFDFC8-8A87-4D2A-AA3A-0AFBB31C8C30}.Debug|x64.ActiveCfg = Debug|Any CPU
		{9BCFDFC8-8A87-4D2A-AA3A-0AFBB31C8C30}.Debug|x64.Build.0 = Debug|Any CPU
		{9BCFDFC8-8A87-4D2A-AA3A-0AFBB31C8C30}.Debug|x86.ActiveCfg = Debug|Any CPU
		{9BCFDFC8-8A87-4D2A-AA3A-0AFBB31C8C30}.Debug|x86.Build.0 = Debug|Any CPU
		{9BCFDFC8-8A87-4D2A-AA3A-0AFBB31C8C30}.Release|Any CPU.ActiveCfg = Release|Any CPU
		{9BCFDFC8-8A87-4D2A-AA3A-0AFBB31C8C30}.Release|Any CPU.Build.0 = Release|Any CPU
		{9BCFDFC8-8A87-4D2A-AA3A-0AFBB31C8C30}.Release|ARM.ActiveCfg = Release|Any CPU
		{9BCFDFC8-8A87-4D2A-AA3A-0AFBB31C8C30}.Release|ARM.Build.0 = Release|Any CPU
		{9BCFDFC8-8A87-4D2A-AA3A-0AFBB31C8C30}.Release|ARM64.ActiveCfg = Release|Any CPU
		{9BCFDFC8-8A87-4D2A-AA3A-0AFBB31C8C30}.Release|ARM64.Build.0 = Release|Any CPU
		{9BCFDFC8-8A87-4D2A-AA3A-0AFBB31C8C30}.Release|iPhone.ActiveCfg = Release|Any CPU
		{9BCFDFC8-8A87-4D2A-AA3A-0AFBB31C8C30}.Release|iPhone.Build.0 = Release|Any CPU
		{9BCFDFC8-8A87-4D2A-AA3A-0AFBB31C8C30}.Release|iPhoneSimulator.ActiveCfg = Release|Any CPU
		{9BCFDFC8-8A87-4D2A-AA3A-0AFBB31C8C30}.Release|iPhoneSimulator.Build.0 = Release|Any CPU
		{9BCFDFC8-8A87-4D2A-AA3A-0AFBB31C8C30}.Release|x64.ActiveCfg = Release|Any CPU
		{9BCFDFC8-8A87-4D2A-AA3A-0AFBB31C8C30}.Release|x64.Build.0 = Release|Any CPU
		{9BCFDFC8-8A87-4D2A-AA3A-0AFBB31C8C30}.Release|x86.ActiveCfg = Release|Any CPU
		{9BCFDFC8-8A87-4D2A-AA3A-0AFBB31C8C30}.Release|x86.Build.0 = Release|Any CPU
		{AD459C60-668E-44DF-84A8-BA884A98C5AA}.Ad-Hoc|Any CPU.ActiveCfg = Debug|Any CPU
		{AD459C60-668E-44DF-84A8-BA884A98C5AA}.Ad-Hoc|Any CPU.Build.0 = Debug|Any CPU
		{AD459C60-668E-44DF-84A8-BA884A98C5AA}.Ad-Hoc|ARM.ActiveCfg = Debug|Any CPU
		{AD459C60-668E-44DF-84A8-BA884A98C5AA}.Ad-Hoc|ARM.Build.0 = Debug|Any CPU
		{AD459C60-668E-44DF-84A8-BA884A98C5AA}.Ad-Hoc|ARM64.ActiveCfg = Debug|Any CPU
		{AD459C60-668E-44DF-84A8-BA884A98C5AA}.Ad-Hoc|ARM64.Build.0 = Debug|Any CPU
		{AD459C60-668E-44DF-84A8-BA884A98C5AA}.Ad-Hoc|iPhone.ActiveCfg = Debug|Any CPU
		{AD459C60-668E-44DF-84A8-BA884A98C5AA}.Ad-Hoc|iPhone.Build.0 = Debug|Any CPU
		{AD459C60-668E-44DF-84A8-BA884A98C5AA}.Ad-Hoc|iPhoneSimulator.ActiveCfg = Debug|Any CPU
		{AD459C60-668E-44DF-84A8-BA884A98C5AA}.Ad-Hoc|iPhoneSimulator.Build.0 = Debug|Any CPU
		{AD459C60-668E-44DF-84A8-BA884A98C5AA}.Ad-Hoc|x64.ActiveCfg = Debug|Any CPU
		{AD459C60-668E-44DF-84A8-BA884A98C5AA}.Ad-Hoc|x64.Build.0 = Debug|Any CPU
		{AD459C60-668E-44DF-84A8-BA884A98C5AA}.Ad-Hoc|x86.ActiveCfg = Debug|Any CPU
		{AD459C60-668E-44DF-84A8-BA884A98C5AA}.Ad-Hoc|x86.Build.0 = Debug|Any CPU
		{AD459C60-668E-44DF-84A8-BA884A98C5AA}.AppStore|Any CPU.ActiveCfg = Debug|Any CPU
		{AD459C60-668E-44DF-84A8-BA884A98C5AA}.AppStore|Any CPU.Build.0 = Debug|Any CPU
		{AD459C60-668E-44DF-84A8-BA884A98C5AA}.AppStore|ARM.ActiveCfg = Debug|Any CPU
		{AD459C60-668E-44DF-84A8-BA884A98C5AA}.AppStore|ARM.Build.0 = Debug|Any CPU
		{AD459C60-668E-44DF-84A8-BA884A98C5AA}.AppStore|ARM64.ActiveCfg = Debug|Any CPU
		{AD459C60-668E-44DF-84A8-BA884A98C5AA}.AppStore|ARM64.Build.0 = Debug|Any CPU
		{AD459C60-668E-44DF-84A8-BA884A98C5AA}.AppStore|iPhone.ActiveCfg = Debug|Any CPU
		{AD459C60-668E-44DF-84A8-BA884A98C5AA}.AppStore|iPhone.Build.0 = Debug|Any CPU
		{AD459C60-668E-44DF-84A8-BA884A98C5AA}.AppStore|iPhoneSimulator.ActiveCfg = Debug|Any CPU
		{AD459C60-668E-44DF-84A8-BA884A98C5AA}.AppStore|iPhoneSimulator.Build.0 = Debug|Any CPU
		{AD459C60-668E-44DF-84A8-BA884A98C5AA}.AppStore|x64.ActiveCfg = Debug|Any CPU
		{AD459C60-668E-44DF-84A8-BA884A98C5AA}.AppStore|x64.Build.0 = Debug|Any CPU
		{AD459C60-668E-44DF-84A8-BA884A98C5AA}.AppStore|x86.ActiveCfg = Debug|Any CPU
		{AD459C60-668E-44DF-84A8-BA884A98C5AA}.AppStore|x86.Build.0 = Debug|Any CPU
		{AD459C60-668E-44DF-84A8-BA884A98C5AA}.Debug|Any CPU.ActiveCfg = Debug|Any CPU
		{AD459C60-668E-44DF-84A8-BA884A98C5AA}.Debug|Any CPU.Build.0 = Debug|Any CPU
		{AD459C60-668E-44DF-84A8-BA884A98C5AA}.Debug|ARM.ActiveCfg = Debug|Any CPU
		{AD459C60-668E-44DF-84A8-BA884A98C5AA}.Debug|ARM.Build.0 = Debug|Any CPU
		{AD459C60-668E-44DF-84A8-BA884A98C5AA}.Debug|ARM64.ActiveCfg = Debug|Any CPU
		{AD459C60-668E-44DF-84A8-BA884A98C5AA}.Debug|ARM64.Build.0 = Debug|Any CPU
		{AD459C60-668E-44DF-84A8-BA884A98C5AA}.Debug|iPhone.ActiveCfg = Debug|Any CPU
		{AD459C60-668E-44DF-84A8-BA884A98C5AA}.Debug|iPhone.Build.0 = Debug|Any CPU
		{AD459C60-668E-44DF-84A8-BA884A98C5AA}.Debug|iPhoneSimulator.ActiveCfg = Debug|Any CPU
		{AD459C60-668E-44DF-84A8-BA884A98C5AA}.Debug|iPhoneSimulator.Build.0 = Debug|Any CPU
		{AD459C60-668E-44DF-84A8-BA884A98C5AA}.Debug|x64.ActiveCfg = Debug|Any CPU
		{AD459C60-668E-44DF-84A8-BA884A98C5AA}.Debug|x64.Build.0 = Debug|Any CPU
		{AD459C60-668E-44DF-84A8-BA884A98C5AA}.Debug|x86.ActiveCfg = Debug|Any CPU
		{AD459C60-668E-44DF-84A8-BA884A98C5AA}.Debug|x86.Build.0 = Debug|Any CPU
		{AD459C60-668E-44DF-84A8-BA884A98C5AA}.Release|Any CPU.ActiveCfg = Release|Any CPU
		{AD459C60-668E-44DF-84A8-BA884A98C5AA}.Release|Any CPU.Build.0 = Release|Any CPU
		{AD459C60-668E-44DF-84A8-BA884A98C5AA}.Release|ARM.ActiveCfg = Release|Any CPU
		{AD459C60-668E-44DF-84A8-BA884A98C5AA}.Release|ARM.Build.0 = Release|Any CPU
		{AD459C60-668E-44DF-84A8-BA884A98C5AA}.Release|ARM64.ActiveCfg = Release|Any CPU
		{AD459C60-668E-44DF-84A8-BA884A98C5AA}.Release|ARM64.Build.0 = Release|Any CPU
		{AD459C60-668E-44DF-84A8-BA884A98C5AA}.Release|iPhone.ActiveCfg = Release|Any CPU
		{AD459C60-668E-44DF-84A8-BA884A98C5AA}.Release|iPhone.Build.0 = Release|Any CPU
		{AD459C60-668E-44DF-84A8-BA884A98C5AA}.Release|iPhoneSimulator.ActiveCfg = Release|Any CPU
		{AD459C60-668E-44DF-84A8-BA884A98C5AA}.Release|iPhoneSimulator.Build.0 = Release|Any CPU
		{AD459C60-668E-44DF-84A8-BA884A98C5AA}.Release|x64.ActiveCfg = Release|Any CPU
		{AD459C60-668E-44DF-84A8-BA884A98C5AA}.Release|x64.Build.0 = Release|Any CPU
		{AD459C60-668E-44DF-84A8-BA884A98C5AA}.Release|x86.ActiveCfg = Release|Any CPU
		{AD459C60-668E-44DF-84A8-BA884A98C5AA}.Release|x86.Build.0 = Release|Any CPU
		{9E07C974-1497-4836-AF36-27D32B8C5D66}.Ad-Hoc|Any CPU.ActiveCfg = Debug|Any CPU
		{9E07C974-1497-4836-AF36-27D32B8C5D66}.Ad-Hoc|Any CPU.Build.0 = Debug|Any CPU
		{9E07C974-1497-4836-AF36-27D32B8C5D66}.Ad-Hoc|ARM.ActiveCfg = Debug|Any CPU
		{9E07C974-1497-4836-AF36-27D32B8C5D66}.Ad-Hoc|ARM.Build.0 = Debug|Any CPU
		{9E07C974-1497-4836-AF36-27D32B8C5D66}.Ad-Hoc|ARM64.ActiveCfg = Debug|Any CPU
		{9E07C974-1497-4836-AF36-27D32B8C5D66}.Ad-Hoc|ARM64.Build.0 = Debug|Any CPU
		{9E07C974-1497-4836-AF36-27D32B8C5D66}.Ad-Hoc|iPhone.ActiveCfg = Debug|Any CPU
		{9E07C974-1497-4836-AF36-27D32B8C5D66}.Ad-Hoc|iPhone.Build.0 = Debug|Any CPU
		{9E07C974-1497-4836-AF36-27D32B8C5D66}.Ad-Hoc|iPhoneSimulator.ActiveCfg = Debug|Any CPU
		{9E07C974-1497-4836-AF36-27D32B8C5D66}.Ad-Hoc|iPhoneSimulator.Build.0 = Debug|Any CPU
		{9E07C974-1497-4836-AF36-27D32B8C5D66}.Ad-Hoc|x64.ActiveCfg = Debug|Any CPU
		{9E07C974-1497-4836-AF36-27D32B8C5D66}.Ad-Hoc|x64.Build.0 = Debug|Any CPU
		{9E07C974-1497-4836-AF36-27D32B8C5D66}.Ad-Hoc|x86.ActiveCfg = Debug|Any CPU
		{9E07C974-1497-4836-AF36-27D32B8C5D66}.Ad-Hoc|x86.Build.0 = Debug|Any CPU
		{9E07C974-1497-4836-AF36-27D32B8C5D66}.AppStore|Any CPU.ActiveCfg = Debug|Any CPU
		{9E07C974-1497-4836-AF36-27D32B8C5D66}.AppStore|Any CPU.Build.0 = Debug|Any CPU
		{9E07C974-1497-4836-AF36-27D32B8C5D66}.AppStore|ARM.ActiveCfg = Debug|Any CPU
		{9E07C974-1497-4836-AF36-27D32B8C5D66}.AppStore|ARM.Build.0 = Debug|Any CPU
		{9E07C974-1497-4836-AF36-27D32B8C5D66}.AppStore|ARM64.ActiveCfg = Debug|Any CPU
		{9E07C974-1497-4836-AF36-27D32B8C5D66}.AppStore|ARM64.Build.0 = Debug|Any CPU
		{9E07C974-1497-4836-AF36-27D32B8C5D66}.AppStore|iPhone.ActiveCfg = Debug|Any CPU
		{9E07C974-1497-4836-AF36-27D32B8C5D66}.AppStore|iPhone.Build.0 = Debug|Any CPU
		{9E07C974-1497-4836-AF36-27D32B8C5D66}.AppStore|iPhoneSimulator.ActiveCfg = Debug|Any CPU
		{9E07C974-1497-4836-AF36-27D32B8C5D66}.AppStore|iPhoneSimulator.Build.0 = Debug|Any CPU
		{9E07C974-1497-4836-AF36-27D32B8C5D66}.AppStore|x64.ActiveCfg = Debug|Any CPU
		{9E07C974-1497-4836-AF36-27D32B8C5D66}.AppStore|x64.Build.0 = Debug|Any CPU
		{9E07C974-1497-4836-AF36-27D32B8C5D66}.AppStore|x86.ActiveCfg = Debug|Any CPU
		{9E07C974-1497-4836-AF36-27D32B8C5D66}.AppStore|x86.Build.0 = Debug|Any CPU
		{9E07C974-1497-4836-AF36-27D32B8C5D66}.Debug|Any CPU.ActiveCfg = Debug|Any CPU
		{9E07C974-1497-4836-AF36-27D32B8C5D66}.Debug|Any CPU.Build.0 = Debug|Any CPU
		{9E07C974-1497-4836-AF36-27D32B8C5D66}.Debug|ARM.ActiveCfg = Debug|Any CPU
		{9E07C974-1497-4836-AF36-27D32B8C5D66}.Debug|ARM.Build.0 = Debug|Any CPU
		{9E07C974-1497-4836-AF36-27D32B8C5D66}.Debug|ARM64.ActiveCfg = Debug|Any CPU
		{9E07C974-1497-4836-AF36-27D32B8C5D66}.Debug|ARM64.Build.0 = Debug|Any CPU
		{9E07C974-1497-4836-AF36-27D32B8C5D66}.Debug|iPhone.ActiveCfg = Debug|Any CPU
		{9E07C974-1497-4836-AF36-27D32B8C5D66}.Debug|iPhone.Build.0 = Debug|Any CPU
		{9E07C974-1497-4836-AF36-27D32B8C5D66}.Debug|iPhoneSimulator.ActiveCfg = Debug|Any CPU
		{9E07C974-1497-4836-AF36-27D32B8C5D66}.Debug|iPhoneSimulator.Build.0 = Debug|Any CPU
		{9E07C974-1497-4836-AF36-27D32B8C5D66}.Debug|x64.ActiveCfg = Debug|Any CPU
		{9E07C974-1497-4836-AF36-27D32B8C5D66}.Debug|x64.Build.0 = Debug|Any CPU
		{9E07C974-1497-4836-AF36-27D32B8C5D66}.Debug|x86.ActiveCfg = Debug|Any CPU
		{9E07C974-1497-4836-AF36-27D32B8C5D66}.Debug|x86.Build.0 = Debug|Any CPU
		{9E07C974-1497-4836-AF36-27D32B8C5D66}.Release|Any CPU.ActiveCfg = Release|Any CPU
		{9E07C974-1497-4836-AF36-27D32B8C5D66}.Release|Any CPU.Build.0 = Release|Any CPU
		{9E07C974-1497-4836-AF36-27D32B8C5D66}.Release|ARM.ActiveCfg = Release|Any CPU
		{9E07C974-1497-4836-AF36-27D32B8C5D66}.Release|ARM.Build.0 = Release|Any CPU
		{9E07C974-1497-4836-AF36-27D32B8C5D66}.Release|ARM64.ActiveCfg = Release|Any CPU
		{9E07C974-1497-4836-AF36-27D32B8C5D66}.Release|ARM64.Build.0 = Release|Any CPU
		{9E07C974-1497-4836-AF36-27D32B8C5D66}.Release|iPhone.ActiveCfg = Release|Any CPU
		{9E07C974-1497-4836-AF36-27D32B8C5D66}.Release|iPhone.Build.0 = Release|Any CPU
		{9E07C974-1497-4836-AF36-27D32B8C5D66}.Release|iPhoneSimulator.ActiveCfg = Release|Any CPU
		{9E07C974-1497-4836-AF36-27D32B8C5D66}.Release|iPhoneSimulator.Build.0 = Release|Any CPU
		{9E07C974-1497-4836-AF36-27D32B8C5D66}.Release|x64.ActiveCfg = Release|Any CPU
		{9E07C974-1497-4836-AF36-27D32B8C5D66}.Release|x64.Build.0 = Release|Any CPU
		{9E07C974-1497-4836-AF36-27D32B8C5D66}.Release|x86.ActiveCfg = Release|Any CPU
		{9E07C974-1497-4836-AF36-27D32B8C5D66}.Release|x86.Build.0 = Release|Any CPU
	EndGlobalSection
	GlobalSection(SolutionProperties) = preSolution
		HideSolutionNode = FALSE
	EndGlobalSection
	GlobalSection(NestedProjects) = preSolution
		{608DCB3F-9A12-4A52-9A36-10ECC1821220} = {5F2377C5-FE85-4503-ADA9-A9E5B26C3F5A}
		{EFF5115E-6438-48A7-BD9C-9EBD08894614} = {073014B2-B6BF-417E-BE05-4CA4396069AD}
		{8B81125D-B1CE-455B-8B97-AA2A61244173} = {FB511AFA-5F4D-4154-874E-5E7C176821F1}
		{E77D1670-179E-4ADC-B46D-25C7664457E2} = {5F2377C5-FE85-4503-ADA9-A9E5B26C3F5A}
		{B5B5AFB2-9B07-455F-98D7-3065604E255D} = {26934A53-14DF-425C-B41E-5FDBBD156B03}
		{47746B47-FC17-4263-8DEF-30D2C515AF37} = {26934A53-14DF-425C-B41E-5FDBBD156B03}
		{8AE807F5-1185-4AEC-881E-DBDDA9E47EB3} = {26934A53-14DF-425C-B41E-5FDBBD156B03}
		{92FCE35C-F4C7-48D9-B040-84C8E80C920B} = {6D75E662-E847-46F8-8DD4-1DBABD018F2F}
		{61372A87-C169-4E5B-A4D4-C9B354DEB057} = {6D75E662-E847-46F8-8DD4-1DBABD018F2F}
		{071918A0-ACFE-48FB-BA2C-945820744865} = {688B2BE8-85E8-4843-B4D0-B03AE404C20B}
		{22488E0E-2851-4A91-B9A1-69752319D2B2} = {688B2BE8-85E8-4843-B4D0-B03AE404C20B}
		{1D3D24A7-6A33-4EA5-8173-B15DDA573F10} = {FB511AFA-5F4D-4154-874E-5E7C176821F1}
		{2C81580F-151C-4A8F-90E3-38A063A5337D} = {72C46760-08FB-44A5-B34B-E0ABA07986B4}
		{7258DCF7-2AD5-47E0-9429-CF058EB2C1B8} = {6D75E662-E847-46F8-8DD4-1DBABD018F2F}
		{D3A0D563-7CFA-43C9-B03F-42A917C4D665} = {72C46760-08FB-44A5-B34B-E0ABA07986B4}
		{9BCFDFC8-8A87-4D2A-AA3A-0AFBB31C8C30} = {72C46760-08FB-44A5-B34B-E0ABA07986B4}
		{6279C845-92F8-4333-AB99-3D213163593C} = {7D7D1AC6-8695-41CC-8D17-ACD99388B05D}
		{828D92F7-D222-4AFA-927A-6EB4B53A0F7B} = {7D7D1AC6-8695-41CC-8D17-ACD99388B05D}
		{AD459C60-668E-44DF-84A8-BA884A98C5AA} = {828D92F7-D222-4AFA-927A-6EB4B53A0F7B}
		{E2CD75B1-524E-421D-873C-A476DF33EBA8} = {B0185BEB-0B9C-4954-B316-CA2A20C8405A}
		{0FE347BA-9331-43ED-9D6C-612A4F18ED4E} = {B0185BEB-0B9C-4954-B316-CA2A20C8405A}
		{9E07C974-1497-4836-AF36-27D32B8C5D66} = {0FE347BA-9331-43ED-9D6C-612A4F18ED4E}
	EndGlobalSection
	GlobalSection(ExtensibilityGlobals) = postSolution
		RESX_RemoveEmptyEntries = True
		RESX_SortFileContentOnSave = True
		SolutionGuid = {BA404E6B-A8C6-4920-A767-50D07CC2936B}
	EndGlobalSection
EndGlobal
